
Microsoft Visual Studio Solution File, Format Version 10.00
# Visual C++ Express 2008
Project("{8BC9CEB8-8B4A-11D0-8D11-00A0C91BC942}") = "puzzle", "puzzle\puzzle.vcproj", "{FD67C296-3F3E-4B7A-888B-0ADDD409F42E}"
EndProject
Global
	GlobalSection(SolutionConfigurationPlatforms) = preSolution
		Debug|Win32 = Debug|Win32
		Release|Win32 = Release|Win32
	EndGlobalSection
	GlobalSection(ProjectConfigurationPlatforms) = postSolution
		{FD67C296-3F3E-4B7A-888B-0ADDD409F42E}.Debug|Win32.ActiveCfg = Debug|Win32
		{FD67C296-3F3E-4B7A-888B-0ADDD409F42E}.Debug|Win32.Build.0 = Debug|Win32
		{FD67C296-3F3E-4B7A-888B-0ADDD409F42E}.Release|Win32.ActiveCfg = Release|Win32
		{FD67C296-3F3E-4B7A-888B-0ADDD409F42E}.Release|Win32.Build.0 = Release|Win32
	EndGlobalSection
	GlobalSection(SolutionProperties) = preSolution
		HideSolutionNode = FALSE
	EndGlobalSection
EndGlobal
