
Microsoft Visual Studio Solution File, Format Version 12.00
# Visual Studio Version 16
VisualStudioVersion = 16.0.29519.87
MinimumVisualStudioVersion = 10.0.40219.1
Project("{8BC9CEB8-8B4A-11D0-8D11-00A0C91BC942}") = "AlarmClock", "AlarmClock\AlarmClock\AlarmClock.vcxproj", "{F0D82007-3BE0-4DE3-A7D4-BC6D7D6F553A}"
EndProject
Project("{8BC9CEB8-8B4A-11D0-8D11-00A0C91BC942}") = "auto", "auto\auto\auto.vcxproj", "{FB152F71-70F5-441A-8B3D-FD03C599F511}"
EndProject
Project("{8BC9CEB8-8B4A-11D0-8D11-00A0C91BC942}") = "banner", "banner\banner\banner.vcxproj", "{3D2CBF62-8851-4065-B65B-BCCAF2F5E5A7}"
EndProject
Project("{8BC9CEB8-8B4A-11D0-8D11-00A0C91BC942}") = "Brushes", "Brushes\Brushes\Brushes.vcxproj", "{090F0FA2-5471-4E1D-BC88-0188C0313C45}"
EndProject
Project("{8BC9CEB8-8B4A-11D0-8D11-00A0C91BC942}") = "calc", "calc\calc\calc.vcxproj", "{C57E3468-EDF9-4B82-89C8-63C1734AAC43}"
EndProject
Project("{8BC9CEB8-8B4A-11D0-8D11-00A0C91BC942}") = "cDiagr", "cDiagr\cDiagr\cDiagr.vcxproj", "{00638022-250E-447C-A86A-5082DAFBFBD1}"
EndProject
Project("{8BC9CEB8-8B4A-11D0-8D11-00A0C91BC942}") = "Clock", "Clock\Clock\Clock.vcxproj", "{F7E76470-23D7-417C-AFBC-8B406197280A}"
EndProject
Project("{8BC9CEB8-8B4A-11D0-8D11-00A0C91BC942}") = "Contacts_1", "Contacts_1\Contacts_1\Contacts_1.vcxproj", "{858F3F79-F743-4E06-9B50-E030EAD57ED1}"
EndProject
Project("{8BC9CEB8-8B4A-11D0-8D11-00A0C91BC942}") = "Contacts_2", "Contacts_2\Contacts_2\Contacts_2.vcxproj", "{C670ECF4-CBA1-4EFA-9420-0D32AA4867B8}"
EndProject
Project("{8BC9CEB8-8B4A-11D0-8D11-00A0C91BC942}") = "Contacts_3", "Contacts_3\Contacts_3\Contacts_3.vcxproj", "{EC025A6A-0D45-4ABD-A966-3E96E61B286D}"
EndProject
Project("{8BC9CEB8-8B4A-11D0-8D11-00A0C91BC942}") = "dblPic", "dblPic\dblPic\dblPic.vcxproj", "{9005A151-97D9-40C5-A2A2-725CB1121178}"
EndProject
Project("{8BC9CEB8-8B4A-11D0-8D11-00A0C91BC942}") = "diagr", "diagr\diagr\diagr.vcxproj", "{98BAAD03-5A97-43E5-B0C3-BAB3EAA532E3}"
EndProject
Project("{8BC9CEB8-8B4A-11D0-8D11-00A0C91BC942}") = "drawString", "drawString\drawString\drawString.vcxproj", "{80530D6A-3E9D-4DBE-9DE9-B46594F8EEBA}"
EndProject
Project("{8BC9CEB8-8B4A-11D0-8D11-00A0C91BC942}") = "Exam", "Exam\Exam\Exam.vcxproj", "{EE00ADCD-E3AD-4EF0-8004-6A0520EAA456}"
EndProject
Project("{8BC9CEB8-8B4A-11D0-8D11-00A0C91BC942}") = "f2k", "f2k\f2k\f2k.vcxproj", "{D2B5101F-3859-422E-A268-AFA7717AA6E5}"
EndProject
Project("{8BC9CEB8-8B4A-11D0-8D11-00A0C91BC942}") = "graphic", "graphic\graphic\graphic.vcxproj", "{E0A5AC08-2BC1-4E02-B652-D285466111E0}"
EndProject
Project("{8BC9CEB8-8B4A-11D0-8D11-00A0C91BC942}") = "jal", "jal\jal\jal.vcxproj", "{36AE1C7D-855D-449A-BF72-6FEEA42226BB}"
EndProject
Project("{8BC9CEB8-8B4A-11D0-8D11-00A0C91BC942}") = "kred", "kred\kred\kred.vcxproj", "{4FDF6209-ED09-459C-8408-FD64A6424865}"
EndProject
Project("{8BC9CEB8-8B4A-11D0-8D11-00A0C91BC942}") = "m2k", "m2k\m2k\m2k.vcxproj", "{74323965-6EC3-4E61-926B-172EF94E096B}"
EndProject
Project("{8BC9CEB8-8B4A-11D0-8D11-00A0C91BC942}") = "mp3p", "mp3p\mp3p\mp3p.vcxproj", "{E2E1459D-7972-49B9-BEFD-5889A40EF9CD}"
EndProject
Project("{8BC9CEB8-8B4A-11D0-8D11-00A0C91BC942}") = "NkEdit", "NkEdit\NkEdit\NkEdit.vcxproj", "{D20A1AF7-515A-4190-AE03-4B4D370754D7}"
EndProject
Project("{8BC9CEB8-8B4A-11D0-8D11-00A0C91BC942}") = "NPV", "NPV\NPV\NPV.vcxproj", "{F0F361E0-965F-4929-B55C-E65CFC811E2E}"
EndProject
Project("{8BC9CEB8-8B4A-11D0-8D11-00A0C91BC942}") = "osago", "osago\osago\osago.vcxproj", "{B014A477-B2C1-4C37-8578-B0AABF56318F}"
EndProject
Project("{8BC9CEB8-8B4A-11D0-8D11-00A0C91BC942}") = "photo", "photo\photo\photo.vcxproj", "{2C1F2F30-CBE5-4E50-885D-4B9FB1ECDFA8}"
EndProject
Project("{8BC9CEB8-8B4A-11D0-8D11-00A0C91BC942}") = "Plane_2", "Plane_2\Plane_2\Plane_2.vcxproj", "{72915781-22E7-4009-80DD-8C91E7DC3E7C}"
EndProject
Project("{8BC9CEB8-8B4A-11D0-8D11-00A0C91BC942}") = "puzzle", "puzzle\puzzle\puzzle.vcxproj", "{FD67C296-3F3E-4B7A-888B-0ADDD409F42E}"
EndProject
Project("{8BC9CEB8-8B4A-11D0-8D11-00A0C91BC942}") = "readTxt", "readTxt\readTxt\readTxt.vcxproj", "{2BE47B75-543A-4DBB-9513-1C23E3BCE4B8}"
EndProject
Project("{8BC9CEB8-8B4A-11D0-8D11-00A0C91BC942}") = "rectangle", "rectangle\rectangle\rectangle.vcxproj", "{BB3D58B4-CD5E-4DCA-97CB-B6A9A5AE1A2C}"
EndProject
Project("{8BC9CEB8-8B4A-11D0-8D11-00A0C91BC942}") = "Saper", "Saper\Saper\Saper.vcxproj", "{AA4F8A90-7C9C-458A-98F9-793E291B5014}"
EndProject
Project("{8BC9CEB8-8B4A-11D0-8D11-00A0C91BC942}") = "SecMetr", "SecMetr\SecMetr\SecMetr.vcxproj", "{34FA84D2-2553-45C4-BA86-36CBDEAE4538}"
EndProject
Project("{8BC9CEB8-8B4A-11D0-8D11-00A0C91BC942}") = "ShowPic_2", "ShowPic_2\ShowPic_2\ShowPic_2.vcxproj", "{6AC13262-A31F-4621-96EB-35419D80B82F}"
EndProject
Project("{8BC9CEB8-8B4A-11D0-8D11-00A0C91BC942}") = "SqlCE", "SqlCE\SqlCE\SqlCE.vcxproj", "{6995C626-55CD-4EE2-B53D-13FC26B02807}"
EndProject
Project("{8BC9CEB8-8B4A-11D0-8D11-00A0C91BC942}") = "Timer", "Timer\Timer\Timer.vcxproj", "{173B35EF-7143-4AC5-B943-C4351BAD2A94}"
EndProject
Project("{8BC9CEB8-8B4A-11D0-8D11-00A0C91BC942}") = "ToDo", "ToDo\ToDo\ToDo.vcxproj", "{723CAB3F-7C3C-440F-8A2F-46AEFDC04CC8}"
EndProject
Project("{8BC9CEB8-8B4A-11D0-8D11-00A0C91BC942}") = "f2k_2", "try\f2k\f2k.vcxproj", "{D73B4DA0-9105-45AA-8C05-FDE1590CEC62}"
EndProject
Project("{8BC9CEB8-8B4A-11D0-8D11-00A0C91BC942}") = "usd2rub_c", "usd2rub\usd2rub_c\usd2rub_c.vcxproj", "{BDB8610B-6180-450C-A7D8-0C7B3FD8FB2A}"
EndProject
Project("{8BC9CEB8-8B4A-11D0-8D11-00A0C91BC942}") = "wr2txt", "wr2txt\wr2txt\wr2txt.vcxproj", "{11A6AA28-9FFB-46FB-B39E-73F5ADAACD13}"
EndProject
Global
	GlobalSection(SolutionConfigurationPlatforms) = preSolution
		Debug|Win32 = Debug|Win32
		Debug|x64 = Debug|x64
		Debug|x86 = Debug|x86
		Profile|Win32 = Profile|Win32
		Profile|x64 = Profile|x64
		Profile|x86 = Profile|x86
		Release|Win32 = Release|Win32
		Release|x64 = Release|x64
		Release|x86 = Release|x86
		Template|Win32 = Template|Win32
		Template|x64 = Template|x64
		Template|x86 = Template|x86
	EndGlobalSection
	GlobalSection(ProjectConfigurationPlatforms) = postSolution
		{F0D82007-3BE0-4DE3-A7D4-BC6D7D6F553A}.Debug|Win32.ActiveCfg = Debug|Win32
		{F0D82007-3BE0-4DE3-A7D4-BC6D7D6F553A}.Debug|Win32.Build.0 = Debug|Win32
		{F0D82007-3BE0-4DE3-A7D4-BC6D7D6F553A}.Debug|x64.ActiveCfg = Debug|Win32
		{F0D82007-3BE0-4DE3-A7D4-BC6D7D6F553A}.Debug|x86.ActiveCfg = Debug|Win32
		{F0D82007-3BE0-4DE3-A7D4-BC6D7D6F553A}.Debug|x86.Build.0 = Debug|Win32
		{F0D82007-3BE0-4DE3-A7D4-BC6D7D6F553A}.Profile|Win32.ActiveCfg = Release|Win32
		{F0D82007-3BE0-4DE3-A7D4-BC6D7D6F553A}.Profile|Win32.Build.0 = Release|Win32
		{F0D82007-3BE0-4DE3-A7D4-BC6D7D6F553A}.Profile|x64.ActiveCfg = Release|Win32
		{F0D82007-3BE0-4DE3-A7D4-BC6D7D6F553A}.Profile|x64.Build.0 = Release|Win32
		{F0D82007-3BE0-4DE3-A7D4-BC6D7D6F553A}.Profile|x86.ActiveCfg = Release|Win32
		{F0D82007-3BE0-4DE3-A7D4-BC6D7D6F553A}.Profile|x86.Build.0 = Release|Win32
		{F0D82007-3BE0-4DE3-A7D4-BC6D7D6F553A}.Release|Win32.ActiveCfg = Release|Win32
		{F0D82007-3BE0-4DE3-A7D4-BC6D7D6F553A}.Release|Win32.Build.0 = Release|Win32
		{F0D82007-3BE0-4DE3-A7D4-BC6D7D6F553A}.Release|x64.ActiveCfg = Release|Win32
		{F0D82007-3BE0-4DE3-A7D4-BC6D7D6F553A}.Release|x86.ActiveCfg = Release|Win32
		{F0D82007-3BE0-4DE3-A7D4-BC6D7D6F553A}.Release|x86.Build.0 = Release|Win32
		{F0D82007-3BE0-4DE3-A7D4-BC6D7D6F553A}.Template|Win32.ActiveCfg = Release|Win32
		{F0D82007-3BE0-4DE3-A7D4-BC6D7D6F553A}.Template|Win32.Build.0 = Release|Win32
		{F0D82007-3BE0-4DE3-A7D4-BC6D7D6F553A}.Template|x64.ActiveCfg = Release|Win32
		{F0D82007-3BE0-4DE3-A7D4-BC6D7D6F553A}.Template|x64.Build.0 = Release|Win32
		{F0D82007-3BE0-4DE3-A7D4-BC6D7D6F553A}.Template|x86.ActiveCfg = Release|Win32
		{F0D82007-3BE0-4DE3-A7D4-BC6D7D6F553A}.Template|x86.Build.0 = Release|Win32
		{FB152F71-70F5-441A-8B3D-FD03C599F511}.Debug|Win32.ActiveCfg = Debug|Win32
		{FB152F71-70F5-441A-8B3D-FD03C599F511}.Debug|Win32.Build.0 = Debug|Win32
		{FB152F71-70F5-441A-8B3D-FD03C599F511}.Debug|x64.ActiveCfg = Debug|Win32
		{FB152F71-70F5-441A-8B3D-FD03C599F511}.Debug|x86.ActiveCfg = Debug|Win32
		{FB152F71-70F5-441A-8B3D-FD03C599F511}.Debug|x86.Build.0 = Debug|Win32
		{FB152F71-70F5-441A-8B3D-FD03C599F511}.Profile|Win32.ActiveCfg = Release|Win32
		{FB152F71-70F5-441A-8B3D-FD03C599F511}.Profile|Win32.Build.0 = Release|Win32
		{FB152F71-70F5-441A-8B3D-FD03C599F511}.Profile|x64.ActiveCfg = Release|Win32
		{FB152F71-70F5-441A-8B3D-FD03C599F511}.Profile|x64.Build.0 = Release|Win32
		{FB152F71-70F5-441A-8B3D-FD03C599F511}.Profile|x86.ActiveCfg = Release|Win32
		{FB152F71-70F5-441A-8B3D-FD03C599F511}.Profile|x86.Build.0 = Release|Win32
		{FB152F71-70F5-441A-8B3D-FD03C599F511}.Release|Win32.ActiveCfg = Release|Win32
		{FB152F71-70F5-441A-8B3D-FD03C599F511}.Release|Win32.Build.0 = Release|Win32
		{FB152F71-70F5-441A-8B3D-FD03C599F511}.Release|x64.ActiveCfg = Release|Win32
		{FB152F71-70F5-441A-8B3D-FD03C599F511}.Release|x86.ActiveCfg = Release|Win32
		{FB152F71-70F5-441A-8B3D-FD03C599F511}.Release|x86.Build.0 = Release|Win32
		{FB152F71-70F5-441A-8B3D-FD03C599F511}.Template|Win32.ActiveCfg = Release|Win32
		{FB152F71-70F5-441A-8B3D-FD03C599F511}.Template|Win32.Build.0 = Release|Win32
		{FB152F71-70F5-441A-8B3D-FD03C599F511}.Template|x64.ActiveCfg = Release|Win32
		{FB152F71-70F5-441A-8B3D-FD03C599F511}.Template|x64.Build.0 = Release|Win32
		{FB152F71-70F5-441A-8B3D-FD03C599F511}.Template|x86.ActiveCfg = Release|Win32
		{FB152F71-70F5-441A-8B3D-FD03C599F511}.Template|x86.Build.0 = Release|Win32
		{3D2CBF62-8851-4065-B65B-BCCAF2F5E5A7}.Debug|Win32.ActiveCfg = Debug|Win32
		{3D2CBF62-8851-4065-B65B-BCCAF2F5E5A7}.Debug|Win32.Build.0 = Debug|Win32
		{3D2CBF62-8851-4065-B65B-BCCAF2F5E5A7}.Debug|x64.ActiveCfg = Debug|Win32
		{3D2CBF62-8851-4065-B65B-BCCAF2F5E5A7}.Debug|x86.ActiveCfg = Debug|Win32
		{3D2CBF62-8851-4065-B65B-BCCAF2F5E5A7}.Debug|x86.Build.0 = Debug|Win32
		{3D2CBF62-8851-4065-B65B-BCCAF2F5E5A7}.Profile|Win32.ActiveCfg = Release|Win32
		{3D2CBF62-8851-4065-B65B-BCCAF2F5E5A7}.Profile|Win32.Build.0 = Release|Win32
		{3D2CBF62-8851-4065-B65B-BCCAF2F5E5A7}.Profile|x64.ActiveCfg = Release|Win32
		{3D2CBF62-8851-4065-B65B-BCCAF2F5E5A7}.Profile|x64.Build.0 = Release|Win32
		{3D2CBF62-8851-4065-B65B-BCCAF2F5E5A7}.Profile|x86.ActiveCfg = Release|Win32
		{3D2CBF62-8851-4065-B65B-BCCAF2F5E5A7}.Profile|x86.Build.0 = Release|Win32
		{3D2CBF62-8851-4065-B65B-BCCAF2F5E5A7}.Release|Win32.ActiveCfg = Release|Win32
		{3D2CBF62-8851-4065-B65B-BCCAF2F5E5A7}.Release|Win32.Build.0 = Release|Win32
		{3D2CBF62-8851-4065-B65B-BCCAF2F5E5A7}.Release|x64.ActiveCfg = Release|Win32
		{3D2CBF62-8851-4065-B65B-BCCAF2F5E5A7}.Release|x86.ActiveCfg = Release|Win32
		{3D2CBF62-8851-4065-B65B-BCCAF2F5E5A7}.Release|x86.Build.0 = Release|Win32
		{3D2CBF62-8851-4065-B65B-BCCAF2F5E5A7}.Template|Win32.ActiveCfg = Release|Win32
		{3D2CBF62-8851-4065-B65B-BCCAF2F5E5A7}.Template|Win32.Build.0 = Release|Win32
		{3D2CBF62-8851-4065-B65B-BCCAF2F5E5A7}.Template|x64.ActiveCfg = Release|Win32
		{3D2CBF62-8851-4065-B65B-BCCAF2F5E5A7}.Template|x64.Build.0 = Release|Win32
		{3D2CBF62-8851-4065-B65B-BCCAF2F5E5A7}.Template|x86.ActiveCfg = Release|Win32
		{3D2CBF62-8851-4065-B65B-BCCAF2F5E5A7}.Template|x86.Build.0 = Release|Win32
		{090F0FA2-5471-4E1D-BC88-0188C0313C45}.Debug|Win32.ActiveCfg = Debug|Win32
		{090F0FA2-5471-4E1D-BC88-0188C0313C45}.Debug|Win32.Build.0 = Debug|Win32
		{090F0FA2-5471-4E1D-BC88-0188C0313C45}.Debug|x64.ActiveCfg = Debug|Win32
		{090F0FA2-5471-4E1D-BC88-0188C0313C45}.Debug|x86.ActiveCfg = Debug|Win32
		{090F0FA2-5471-4E1D-BC88-0188C0313C45}.Debug|x86.Build.0 = Debug|Win32
		{090F0FA2-5471-4E1D-BC88-0188C0313C45}.Profile|Win32.ActiveCfg = Release|Win32
		{090F0FA2-5471-4E1D-BC88-0188C0313C45}.Profile|Win32.Build.0 = Release|Win32
		{090F0FA2-5471-4E1D-BC88-0188C0313C45}.Profile|x64.ActiveCfg = Release|Win32
		{090F0FA2-5471-4E1D-BC88-0188C0313C45}.Profile|x64.Build.0 = Release|Win32
		{090F0FA2-5471-4E1D-BC88-0188C0313C45}.Profile|x86.ActiveCfg = Release|Win32
		{090F0FA2-5471-4E1D-BC88-0188C0313C45}.Profile|x86.Build.0 = Release|Win32
		{090F0FA2-5471-4E1D-BC88-0188C0313C45}.Release|Win32.ActiveCfg = Release|Win32
		{090F0FA2-5471-4E1D-BC88-0188C0313C45}.Release|Win32.Build.0 = Release|Win32
		{090F0FA2-5471-4E1D-BC88-0188C0313C45}.Release|x64.ActiveCfg = Release|Win32
		{090F0FA2-5471-4E1D-BC88-0188C0313C45}.Release|x86.ActiveCfg = Release|Win32
		{090F0FA2-5471-4E1D-BC88-0188C0313C45}.Release|x86.Build.0 = Release|Win32
		{090F0FA2-5471-4E1D-BC88-0188C0313C45}.Template|Win32.ActiveCfg = Release|Win32
		{090F0FA2-5471-4E1D-BC88-0188C0313C45}.Template|Win32.Build.0 = Release|Win32
		{090F0FA2-5471-4E1D-BC88-0188C0313C45}.Template|x64.ActiveCfg = Release|Win32
		{090F0FA2-5471-4E1D-BC88-0188C0313C45}.Template|x64.Build.0 = Release|Win32
		{090F0FA2-5471-4E1D-BC88-0188C0313C45}.Template|x86.ActiveCfg = Release|Win32
		{090F0FA2-5471-4E1D-BC88-0188C0313C45}.Template|x86.Build.0 = Release|Win32
		{C57E3468-EDF9-4B82-89C8-63C1734AAC43}.Debug|Win32.ActiveCfg = Debug|Win32
		{C57E3468-EDF9-4B82-89C8-63C1734AAC43}.Debug|Win32.Build.0 = Debug|Win32
		{C57E3468-EDF9-4B82-89C8-63C1734AAC43}.Debug|x64.ActiveCfg = Debug|Win32
		{C57E3468-EDF9-4B82-89C8-63C1734AAC43}.Debug|x86.ActiveCfg = Debug|Win32
		{C57E3468-EDF9-4B82-89C8-63C1734AAC43}.Debug|x86.Build.0 = Debug|Win32
		{C57E3468-EDF9-4B82-89C8-63C1734AAC43}.Profile|Win32.ActiveCfg = Release|Win32
		{C57E3468-EDF9-4B82-89C8-63C1734AAC43}.Profile|Win32.Build.0 = Release|Win32
		{C57E3468-EDF9-4B82-89C8-63C1734AAC43}.Profile|x64.ActiveCfg = Release|Win32
		{C57E3468-EDF9-4B82-89C8-63C1734AAC43}.Profile|x64.Build.0 = Release|Win32
		{C57E3468-EDF9-4B82-89C8-63C1734AAC43}.Profile|x86.ActiveCfg = Release|Win32
		{C57E3468-EDF9-4B82-89C8-63C1734AAC43}.Profile|x86.Build.0 = Release|Win32
		{C57E3468-EDF9-4B82-89C8-63C1734AAC43}.Release|Win32.ActiveCfg = Release|Win32
		{C57E3468-EDF9-4B82-89C8-63C1734AAC43}.Release|Win32.Build.0 = Release|Win32
		{C57E3468-EDF9-4B82-89C8-63C1734AAC43}.Release|x64.ActiveCfg = Release|Win32
		{C57E3468-EDF9-4B82-89C8-63C1734AAC43}.Release|x86.ActiveCfg = Release|Win32
		{C57E3468-EDF9-4B82-89C8-63C1734AAC43}.Release|x86.Build.0 = Release|Win32
		{C57E3468-EDF9-4B82-89C8-63C1734AAC43}.Template|Win32.ActiveCfg = Release|Win32
		{C57E3468-EDF9-4B82-89C8-63C1734AAC43}.Template|Win32.Build.0 = Release|Win32
		{C57E3468-EDF9-4B82-89C8-63C1734AAC43}.Template|x64.ActiveCfg = Release|Win32
		{C57E3468-EDF9-4B82-89C8-63C1734AAC43}.Template|x64.Build.0 = Release|Win32
		{C57E3468-EDF9-4B82-89C8-63C1734AAC43}.Template|x86.ActiveCfg = Release|Win32
		{C57E3468-EDF9-4B82-89C8-63C1734AAC43}.Template|x86.Build.0 = Release|Win32
		{00638022-250E-447C-A86A-5082DAFBFBD1}.Debug|Win32.ActiveCfg = Debug|Win32
		{00638022-250E-447C-A86A-5082DAFBFBD1}.Debug|Win32.Build.0 = Debug|Win32
		{00638022-250E-447C-A86A-5082DAFBFBD1}.Debug|x64.ActiveCfg = Debug|Win32
		{00638022-250E-447C-A86A-5082DAFBFBD1}.Debug|x86.ActiveCfg = Debug|Win32
		{00638022-250E-447C-A86A-5082DAFBFBD1}.Debug|x86.Build.0 = Debug|Win32
		{00638022-250E-447C-A86A-5082DAFBFBD1}.Profile|Win32.ActiveCfg = Release|Win32
		{00638022-250E-447C-A86A-5082DAFBFBD1}.Profile|Win32.Build.0 = Release|Win32
		{00638022-250E-447C-A86A-5082DAFBFBD1}.Profile|x64.ActiveCfg = Release|Win32
		{00638022-250E-447C-A86A-5082DAFBFBD1}.Profile|x64.Build.0 = Release|Win32
		{00638022-250E-447C-A86A-5082DAFBFBD1}.Profile|x86.ActiveCfg = Release|Win32
		{00638022-250E-447C-A86A-5082DAFBFBD1}.Profile|x86.Build.0 = Release|Win32
		{00638022-250E-447C-A86A-5082DAFBFBD1}.Release|Win32.ActiveCfg = Release|Win32
		{00638022-250E-447C-A86A-5082DAFBFBD1}.Release|Win32.Build.0 = Release|Win32
		{00638022-250E-447C-A86A-5082DAFBFBD1}.Release|x64.ActiveCfg = Release|Win32
		{00638022-250E-447C-A86A-5082DAFBFBD1}.Release|x86.ActiveCfg = Release|Win32
		{00638022-250E-447C-A86A-5082DAFBFBD1}.Release|x86.Build.0 = Release|Win32
		{00638022-250E-447C-A86A-5082DAFBFBD1}.Template|Win32.ActiveCfg = Release|Win32
		{00638022-250E-447C-A86A-5082DAFBFBD1}.Template|Win32.Build.0 = Release|Win32
		{00638022-250E-447C-A86A-5082DAFBFBD1}.Template|x64.ActiveCfg = Release|Win32
		{00638022-250E-447C-A86A-5082DAFBFBD1}.Template|x64.Build.0 = Release|Win32
		{00638022-250E-447C-A86A-5082DAFBFBD1}.Template|x86.ActiveCfg = Release|Win32
		{00638022-250E-447C-A86A-5082DAFBFBD1}.Template|x86.Build.0 = Release|Win32
		{F7E76470-23D7-417C-AFBC-8B406197280A}.Debug|Win32.ActiveCfg = Debug|Win32
		{F7E76470-23D7-417C-AFBC-8B406197280A}.Debug|Win32.Build.0 = Debug|Win32
		{F7E76470-23D7-417C-AFBC-8B406197280A}.Debug|x64.ActiveCfg = Debug|Win32
		{F7E76470-23D7-417C-AFBC-8B406197280A}.Debug|x86.ActiveCfg = Debug|Win32
		{F7E76470-23D7-417C-AFBC-8B406197280A}.Debug|x86.Build.0 = Debug|Win32
		{F7E76470-23D7-417C-AFBC-8B406197280A}.Profile|Win32.ActiveCfg = Release|Win32
		{F7E76470-23D7-417C-AFBC-8B406197280A}.Profile|Win32.Build.0 = Release|Win32
		{F7E76470-23D7-417C-AFBC-8B406197280A}.Profile|x64.ActiveCfg = Release|Win32
		{F7E76470-23D7-417C-AFBC-8B406197280A}.Profile|x64.Build.0 = Release|Win32
		{F7E76470-23D7-417C-AFBC-8B406197280A}.Profile|x86.ActiveCfg = Release|Win32
		{F7E76470-23D7-417C-AFBC-8B406197280A}.Profile|x86.Build.0 = Release|Win32
		{F7E76470-23D7-417C-AFBC-8B406197280A}.Release|Win32.ActiveCfg = Release|Win32
		{F7E76470-23D7-417C-AFBC-8B406197280A}.Release|Win32.Build.0 = Release|Win32
		{F7E76470-23D7-417C-AFBC-8B406197280A}.Release|x64.ActiveCfg = Release|Win32
		{F7E76470-23D7-417C-AFBC-8B406197280A}.Release|x86.ActiveCfg = Release|Win32
		{F7E76470-23D7-417C-AFBC-8B406197280A}.Release|x86.Build.0 = Release|Win32
		{F7E76470-23D7-417C-AFBC-8B406197280A}.Template|Win32.ActiveCfg = Release|Win32
		{F7E76470-23D7-417C-AFBC-8B406197280A}.Template|Win32.Build.0 = Release|Win32
		{F7E76470-23D7-417C-AFBC-8B406197280A}.Template|x64.ActiveCfg = Release|Win32
		{F7E76470-23D7-417C-AFBC-8B406197280A}.Template|x64.Build.0 = Release|Win32
		{F7E76470-23D7-417C-AFBC-8B406197280A}.Template|x86.ActiveCfg = Release|Win32
		{F7E76470-23D7-417C-AFBC-8B406197280A}.Template|x86.Build.0 = Release|Win32
		{858F3F79-F743-4E06-9B50-E030EAD57ED1}.Debug|Win32.ActiveCfg = Debug|Win32
		{858F3F79-F743-4E06-9B50-E030EAD57ED1}.Debug|Win32.Build.0 = Debug|Win32
		{858F3F79-F743-4E06-9B50-E030EAD57ED1}.Debug|x64.ActiveCfg = Debug|Win32
		{858F3F79-F743-4E06-9B50-E030EAD57ED1}.Debug|x86.ActiveCfg = Debug|Win32
		{858F3F79-F743-4E06-9B50-E030EAD57ED1}.Debug|x86.Build.0 = Debug|Win32
		{858F3F79-F743-4E06-9B50-E030EAD57ED1}.Profile|Win32.ActiveCfg = Release|Win32
		{858F3F79-F743-4E06-9B50-E030EAD57ED1}.Profile|Win32.Build.0 = Release|Win32
		{858F3F79-F743-4E06-9B50-E030EAD57ED1}.Profile|x64.ActiveCfg = Release|Win32
		{858F3F79-F743-4E06-9B50-E030EAD57ED1}.Profile|x64.Build.0 = Release|Win32
		{858F3F79-F743-4E06-9B50-E030EAD57ED1}.Profile|x86.ActiveCfg = Release|Win32
		{858F3F79-F743-4E06-9B50-E030EAD57ED1}.Profile|x86.Build.0 = Release|Win32
		{858F3F79-F743-4E06-9B50-E030EAD57ED1}.Release|Win32.ActiveCfg = Release|Win32
		{858F3F79-F743-4E06-9B50-E030EAD57ED1}.Release|Win32.Build.0 = Release|Win32
		{858F3F79-F743-4E06-9B50-E030EAD57ED1}.Release|x64.ActiveCfg = Release|Win32
		{858F3F79-F743-4E06-9B50-E030EAD57ED1}.Release|x86.ActiveCfg = Release|Win32
		{858F3F79-F743-4E06-9B50-E030EAD57ED1}.Release|x86.Build.0 = Release|Win32
		{858F3F79-F743-4E06-9B50-E030EAD57ED1}.Template|Win32.ActiveCfg = Release|Win32
		{858F3F79-F743-4E06-9B50-E030EAD57ED1}.Template|Win32.Build.0 = Release|Win32
		{858F3F79-F743-4E06-9B50-E030EAD57ED1}.Template|x64.ActiveCfg = Release|Win32
		{858F3F79-F743-4E06-9B50-E030EAD57ED1}.Template|x64.Build.0 = Release|Win32
		{858F3F79-F743-4E06-9B50-E030EAD57ED1}.Template|x86.ActiveCfg = Release|Win32
		{858F3F79-F743-4E06-9B50-E030EAD57ED1}.Template|x86.Build.0 = Release|Win32
		{C670ECF4-CBA1-4EFA-9420-0D32AA4867B8}.Debug|Win32.ActiveCfg = Debug|Win32
		{C670ECF4-CBA1-4EFA-9420-0D32AA4867B8}.Debug|Win32.Build.0 = Debug|Win32
		{C670ECF4-CBA1-4EFA-9420-0D32AA4867B8}.Debug|x64.ActiveCfg = Debug|Win32
		{C670ECF4-CBA1-4EFA-9420-0D32AA4867B8}.Debug|x86.ActiveCfg = Debug|Win32
		{C670ECF4-CBA1-4EFA-9420-0D32AA4867B8}.Debug|x86.Build.0 = Debug|Win32
		{C670ECF4-CBA1-4EFA-9420-0D32AA4867B8}.Profile|Win32.ActiveCfg = Release|Win32
		{C670ECF4-CBA1-4EFA-9420-0D32AA4867B8}.Profile|Win32.Build.0 = Release|Win32
		{C670ECF4-CBA1-4EFA-9420-0D32AA4867B8}.Profile|x64.ActiveCfg = Release|Win32
		{C670ECF4-CBA1-4EFA-9420-0D32AA4867B8}.Profile|x64.Build.0 = Release|Win32
		{C670ECF4-CBA1-4EFA-9420-0D32AA4867B8}.Profile|x86.ActiveCfg = Release|Win32
		{C670ECF4-CBA1-4EFA-9420-0D32AA4867B8}.Profile|x86.Build.0 = Release|Win32
		{C670ECF4-CBA1-4EFA-9420-0D32AA4867B8}.Release|Win32.ActiveCfg = Release|Win32
		{C670ECF4-CBA1-4EFA-9420-0D32AA4867B8}.Release|Win32.Build.0 = Release|Win32
		{C670ECF4-CBA1-4EFA-9420-0D32AA4867B8}.Release|x64.ActiveCfg = Release|Win32
		{C670ECF4-CBA1-4EFA-9420-0D32AA4867B8}.Release|x86.ActiveCfg = Release|Win32
		{C670ECF4-CBA1-4EFA-9420-0D32AA4867B8}.Release|x86.Build.0 = Release|Win32
		{C670ECF4-CBA1-4EFA-9420-0D32AA4867B8}.Template|Win32.ActiveCfg = Release|Win32
		{C670ECF4-CBA1-4EFA-9420-0D32AA4867B8}.Template|Win32.Build.0 = Release|Win32
		{C670ECF4-CBA1-4EFA-9420-0D32AA4867B8}.Template|x64.ActiveCfg = Release|Win32
		{C670ECF4-CBA1-4EFA-9420-0D32AA4867B8}.Template|x64.Build.0 = Release|Win32
		{C670ECF4-CBA1-4EFA-9420-0D32AA4867B8}.Template|x86.ActiveCfg = Release|Win32
		{C670ECF4-CBA1-4EFA-9420-0D32AA4867B8}.Template|x86.Build.0 = Release|Win32
		{EC025A6A-0D45-4ABD-A966-3E96E61B286D}.Debug|Win32.ActiveCfg = Debug|Win32
		{EC025A6A-0D45-4ABD-A966-3E96E61B286D}.Debug|Win32.Build.0 = Debug|Win32
		{EC025A6A-0D45-4ABD-A966-3E96E61B286D}.Debug|x64.ActiveCfg = Debug|Win32
		{EC025A6A-0D45-4ABD-A966-3E96E61B286D}.Debug|x86.ActiveCfg = Debug|Win32
		{EC025A6A-0D45-4ABD-A966-3E96E61B286D}.Debug|x86.Build.0 = Debug|Win32
		{EC025A6A-0D45-4ABD-A966-3E96E61B286D}.Profile|Win32.ActiveCfg = Release|Win32
		{EC025A6A-0D45-4ABD-A966-3E96E61B286D}.Profile|Win32.Build.0 = Release|Win32
		{EC025A6A-0D45-4ABD-A966-3E96E61B286D}.Profile|x64.ActiveCfg = Release|Win32
		{EC025A6A-0D45-4ABD-A966-3E96E61B286D}.Profile|x64.Build.0 = Release|Win32
		{EC025A6A-0D45-4ABD-A966-3E96E61B286D}.Profile|x86.ActiveCfg = Release|Win32
		{EC025A6A-0D45-4ABD-A966-3E96E61B286D}.Profile|x86.Build.0 = Release|Win32
		{EC025A6A-0D45-4ABD-A966-3E96E61B286D}.Release|Win32.ActiveCfg = Release|Win32
		{EC025A6A-0D45-4ABD-A966-3E96E61B286D}.Release|Win32.Build.0 = Release|Win32
		{EC025A6A-0D45-4ABD-A966-3E96E61B286D}.Release|x64.ActiveCfg = Release|Win32
		{EC025A6A-0D45-4ABD-A966-3E96E61B286D}.Release|x86.ActiveCfg = Release|Win32
		{EC025A6A-0D45-4ABD-A966-3E96E61B286D}.Release|x86.Build.0 = Release|Win32
		{EC025A6A-0D45-4ABD-A966-3E96E61B286D}.Template|Win32.ActiveCfg = Release|Win32
		{EC025A6A-0D45-4ABD-A966-3E96E61B286D}.Template|Win32.Build.0 = Release|Win32
		{EC025A6A-0D45-4ABD-A966-3E96E61B286D}.Template|x64.ActiveCfg = Release|Win32
		{EC025A6A-0D45-4ABD-A966-3E96E61B286D}.Template|x64.Build.0 = Release|Win32
		{EC025A6A-0D45-4ABD-A966-3E96E61B286D}.Template|x86.ActiveCfg = Release|Win32
		{EC025A6A-0D45-4ABD-A966-3E96E61B286D}.Template|x86.Build.0 = Release|Win32
		{9005A151-97D9-40C5-A2A2-725CB1121178}.Debug|Win32.ActiveCfg = Debug|Win32
		{9005A151-97D9-40C5-A2A2-725CB1121178}.Debug|Win32.Build.0 = Debug|Win32
		{9005A151-97D9-40C5-A2A2-725CB1121178}.Debug|x64.ActiveCfg = Debug|Win32
		{9005A151-97D9-40C5-A2A2-725CB1121178}.Debug|x86.ActiveCfg = Debug|Win32
		{9005A151-97D9-40C5-A2A2-725CB1121178}.Debug|x86.Build.0 = Debug|Win32
		{9005A151-97D9-40C5-A2A2-725CB1121178}.Profile|Win32.ActiveCfg = Release|Win32
		{9005A151-97D9-40C5-A2A2-725CB1121178}.Profile|Win32.Build.0 = Release|Win32
		{9005A151-97D9-40C5-A2A2-725CB1121178}.Profile|x64.ActiveCfg = Release|Win32
		{9005A151-97D9-40C5-A2A2-725CB1121178}.Profile|x64.Build.0 = Release|Win32
		{9005A151-97D9-40C5-A2A2-725CB1121178}.Profile|x86.ActiveCfg = Release|Win32
		{9005A151-97D9-40C5-A2A2-725CB1121178}.Profile|x86.Build.0 = Release|Win32
		{9005A151-97D9-40C5-A2A2-725CB1121178}.Release|Win32.ActiveCfg = Release|Win32
		{9005A151-97D9-40C5-A2A2-725CB1121178}.Release|Win32.Build.0 = Release|Win32
		{9005A151-97D9-40C5-A2A2-725CB1121178}.Release|x64.ActiveCfg = Release|Win32
		{9005A151-97D9-40C5-A2A2-725CB1121178}.Release|x86.ActiveCfg = Release|Win32
		{9005A151-97D9-40C5-A2A2-725CB1121178}.Release|x86.Build.0 = Release|Win32
		{9005A151-97D9-40C5-A2A2-725CB1121178}.Template|Win32.ActiveCfg = Release|Win32
		{9005A151-97D9-40C5-A2A2-725CB1121178}.Template|Win32.Build.0 = Release|Win32
		{9005A151-97D9-40C5-A2A2-725CB1121178}.Template|x64.ActiveCfg = Release|Win32
		{9005A151-97D9-40C5-A2A2-725CB1121178}.Template|x64.Build.0 = Release|Win32
		{9005A151-97D9-40C5-A2A2-725CB1121178}.Template|x86.ActiveCfg = Release|Win32
		{9005A151-97D9-40C5-A2A2-725CB1121178}.Template|x86.Build.0 = Release|Win32
		{98BAAD03-5A97-43E5-B0C3-BAB3EAA532E3}.Debug|Win32.ActiveCfg = Debug|Win32
		{98BAAD03-5A97-43E5-B0C3-BAB3EAA532E3}.Debug|Win32.Build.0 = Debug|Win32
		{98BAAD03-5A97-43E5-B0C3-BAB3EAA532E3}.Debug|x64.ActiveCfg = Debug|Win32
		{98BAAD03-5A97-43E5-B0C3-BAB3EAA532E3}.Debug|x86.ActiveCfg = Debug|Win32
		{98BAAD03-5A97-43E5-B0C3-BAB3EAA532E3}.Debug|x86.Build.0 = Debug|Win32
		{98BAAD03-5A97-43E5-B0C3-BAB3EAA532E3}.Profile|Win32.ActiveCfg = Release|Win32
		{98BAAD03-5A97-43E5-B0C3-BAB3EAA532E3}.Profile|Win32.Build.0 = Release|Win32
		{98BAAD03-5A97-43E5-B0C3-BAB3EAA532E3}.Profile|x64.ActiveCfg = Release|Win32
		{98BAAD03-5A97-43E5-B0C3-BAB3EAA532E3}.Profile|x64.Build.0 = Release|Win32
		{98BAAD03-5A97-43E5-B0C3-BAB3EAA532E3}.Profile|x86.ActiveCfg = Release|Win32
		{98BAAD03-5A97-43E5-B0C3-BAB3EAA532E3}.Profile|x86.Build.0 = Release|Win32
		{98BAAD03-5A97-43E5-B0C3-BAB3EAA532E3}.Release|Win32.ActiveCfg = Release|Win32
		{98BAAD03-5A97-43E5-B0C3-BAB3EAA532E3}.Release|Win32.Build.0 = Release|Win32
		{98BAAD03-5A97-43E5-B0C3-BAB3EAA532E3}.Release|x64.ActiveCfg = Release|Win32
		{98BAAD03-5A97-43E5-B0C3-BAB3EAA532E3}.Release|x86.ActiveCfg = Release|Win32
		{98BAAD03-5A97-43E5-B0C3-BAB3EAA532E3}.Release|x86.Build.0 = Release|Win32
		{98BAAD03-5A97-43E5-B0C3-BAB3EAA532E3}.Template|Win32.ActiveCfg = Release|Win32
		{98BAAD03-5A97-43E5-B0C3-BAB3EAA532E3}.Template|Win32.Build.0 = Release|Win32
		{98BAAD03-5A97-43E5-B0C3-BAB3EAA532E3}.Template|x64.ActiveCfg = Release|Win32
		{98BAAD03-5A97-43E5-B0C3-BAB3EAA532E3}.Template|x64.Build.0 = Release|Win32
		{98BAAD03-5A97-43E5-B0C3-BAB3EAA532E3}.Template|x86.ActiveCfg = Release|Win32
		{98BAAD03-5A97-43E5-B0C3-BAB3EAA532E3}.Template|x86.Build.0 = Release|Win32
		{80530D6A-3E9D-4DBE-9DE9-B46594F8EEBA}.Debug|Win32.ActiveCfg = Debug|Win32
		{80530D6A-3E9D-4DBE-9DE9-B46594F8EEBA}.Debug|Win32.Build.0 = Debug|Win32
		{80530D6A-3E9D-4DBE-9DE9-B46594F8EEBA}.Debug|x64.ActiveCfg = Debug|Win32
		{80530D6A-3E9D-4DBE-9DE9-B46594F8EEBA}.Debug|x86.ActiveCfg = Debug|Win32
		{80530D6A-3E9D-4DBE-9DE9-B46594F8EEBA}.Debug|x86.Build.0 = Debug|Win32
		{80530D6A-3E9D-4DBE-9DE9-B46594F8EEBA}.Profile|Win32.ActiveCfg = Release|Win32
		{80530D6A-3E9D-4DBE-9DE9-B46594F8EEBA}.Profile|Win32.Build.0 = Release|Win32
		{80530D6A-3E9D-4DBE-9DE9-B46594F8EEBA}.Profile|x64.ActiveCfg = Release|Win32
		{80530D6A-3E9D-4DBE-9DE9-B46594F8EEBA}.Profile|x64.Build.0 = Release|Win32
		{80530D6A-3E9D-4DBE-9DE9-B46594F8EEBA}.Profile|x86.ActiveCfg = Release|Win32
		{80530D6A-3E9D-4DBE-9DE9-B46594F8EEBA}.Profile|x86.Build.0 = Release|Win32
		{80530D6A-3E9D-4DBE-9DE9-B46594F8EEBA}.Release|Win32.ActiveCfg = Release|Win32
		{80530D6A-3E9D-4DBE-9DE9-B46594F8EEBA}.Release|Win32.Build.0 = Release|Win32
		{80530D6A-3E9D-4DBE-9DE9-B46594F8EEBA}.Release|x64.ActiveCfg = Release|Win32
		{80530D6A-3E9D-4DBE-9DE9-B46594F8EEBA}.Release|x86.ActiveCfg = Release|Win32
		{80530D6A-3E9D-4DBE-9DE9-B46594F8EEBA}.Release|x86.Build.0 = Release|Win32
		{80530D6A-3E9D-4DBE-9DE9-B46594F8EEBA}.Template|Win32.ActiveCfg = Release|Win32
		{80530D6A-3E9D-4DBE-9DE9-B46594F8EEBA}.Template|Win32.Build.0 = Release|Win32
		{80530D6A-3E9D-4DBE-9DE9-B46594F8EEBA}.Template|x64.ActiveCfg = Release|Win32
		{80530D6A-3E9D-4DBE-9DE9-B46594F8EEBA}.Template|x64.Build.0 = Release|Win32
		{80530D6A-3E9D-4DBE-9DE9-B46594F8EEBA}.Template|x86.ActiveCfg = Release|Win32
		{80530D6A-3E9D-4DBE-9DE9-B46594F8EEBA}.Template|x86.Build.0 = Release|Win32
		{EE00ADCD-E3AD-4EF0-8004-6A0520EAA456}.Debug|Win32.ActiveCfg = Debug|Win32
		{EE00ADCD-E3AD-4EF0-8004-6A0520EAA456}.Debug|Win32.Build.0 = Debug|Win32
		{EE00ADCD-E3AD-4EF0-8004-6A0520EAA456}.Debug|x64.ActiveCfg = Debug|Win32
		{EE00ADCD-E3AD-4EF0-8004-6A0520EAA456}.Debug|x86.ActiveCfg = Debug|Win32
		{EE00ADCD-E3AD-4EF0-8004-6A0520EAA456}.Debug|x86.Build.0 = Debug|Win32
		{EE00ADCD-E3AD-4EF0-8004-6A0520EAA456}.Profile|Win32.ActiveCfg = Release|Win32
		{EE00ADCD-E3AD-4EF0-8004-6A0520EAA456}.Profile|Win32.Build.0 = Release|Win32
		{EE00ADCD-E3AD-4EF0-8004-6A0520EAA456}.Profile|x64.ActiveCfg = Release|Win32
		{EE00ADCD-E3AD-4EF0-8004-6A0520EAA456}.Profile|x64.Build.0 = Release|Win32
		{EE00ADCD-E3AD-4EF0-8004-6A0520EAA456}.Profile|x86.ActiveCfg = Release|Win32
		{EE00ADCD-E3AD-4EF0-8004-6A0520EAA456}.Profile|x86.Build.0 = Release|Win32
		{EE00ADCD-E3AD-4EF0-8004-6A0520EAA456}.Release|Win32.ActiveCfg = Release|Win32
		{EE00ADCD-E3AD-4EF0-8004-6A0520EAA456}.Release|Win32.Build.0 = Release|Win32
		{EE00ADCD-E3AD-4EF0-8004-6A0520EAA456}.Release|x64.ActiveCfg = Release|Win32
		{EE00ADCD-E3AD-4EF0-8004-6A0520EAA456}.Release|x86.ActiveCfg = Release|Win32
		{EE00ADCD-E3AD-4EF0-8004-6A0520EAA456}.Release|x86.Build.0 = Release|Win32
		{EE00ADCD-E3AD-4EF0-8004-6A0520EAA456}.Template|Win32.ActiveCfg = Release|Win32
		{EE00ADCD-E3AD-4EF0-8004-6A0520EAA456}.Template|Win32.Build.0 = Release|Win32
		{EE00ADCD-E3AD-4EF0-8004-6A0520EAA456}.Template|x64.ActiveCfg = Release|Win32
		{EE00ADCD-E3AD-4EF0-8004-6A0520EAA456}.Template|x64.Build.0 = Release|Win32
		{EE00ADCD-E3AD-4EF0-8004-6A0520EAA456}.Template|x86.ActiveCfg = Release|Win32
		{EE00ADCD-E3AD-4EF0-8004-6A0520EAA456}.Template|x86.Build.0 = Release|Win32
		{D2B5101F-3859-422E-A268-AFA7717AA6E5}.Debug|Win32.ActiveCfg = Debug|Win32
		{D2B5101F-3859-422E-A268-AFA7717AA6E5}.Debug|Win32.Build.0 = Debug|Win32
		{D2B5101F-3859-422E-A268-AFA7717AA6E5}.Debug|x64.ActiveCfg = Debug|Win32
		{D2B5101F-3859-422E-A268-AFA7717AA6E5}.Debug|x86.ActiveCfg = Debug|Win32
		{D2B5101F-3859-422E-A268-AFA7717AA6E5}.Debug|x86.Build.0 = Debug|Win32
		{D2B5101F-3859-422E-A268-AFA7717AA6E5}.Profile|Win32.ActiveCfg = Release|Win32
		{D2B5101F-3859-422E-A268-AFA7717AA6E5}.Profile|Win32.Build.0 = Release|Win32
		{D2B5101F-3859-422E-A268-AFA7717AA6E5}.Profile|x64.ActiveCfg = Release|Win32
		{D2B5101F-3859-422E-A268-AFA7717AA6E5}.Profile|x64.Build.0 = Release|Win32
		{D2B5101F-3859-422E-A268-AFA7717AA6E5}.Profile|x86.ActiveCfg = Release|Win32
		{D2B5101F-3859-422E-A268-AFA7717AA6E5}.Profile|x86.Build.0 = Release|Win32
		{D2B5101F-3859-422E-A268-AFA7717AA6E5}.Release|Win32.ActiveCfg = Release|Win32
		{D2B5101F-3859-422E-A268-AFA7717AA6E5}.Release|Win32.Build.0 = Release|Win32
		{D2B5101F-3859-422E-A268-AFA7717AA6E5}.Release|x64.ActiveCfg = Release|Win32
		{D2B5101F-3859-422E-A268-AFA7717AA6E5}.Release|x86.ActiveCfg = Release|Win32
		{D2B5101F-3859-422E-A268-AFA7717AA6E5}.Release|x86.Build.0 = Release|Win32
		{D2B5101F-3859-422E-A268-AFA7717AA6E5}.Template|Win32.ActiveCfg = Release|Win32
		{D2B5101F-3859-422E-A268-AFA7717AA6E5}.Template|Win32.Build.0 = Release|Win32
		{D2B5101F-3859-422E-A268-AFA7717AA6E5}.Template|x64.ActiveCfg = Release|Win32
		{D2B5101F-3859-422E-A268-AFA7717AA6E5}.Template|x64.Build.0 = Release|Win32
		{D2B5101F-3859-422E-A268-AFA7717AA6E5}.Template|x86.ActiveCfg = Release|Win32
		{D2B5101F-3859-422E-A268-AFA7717AA6E5}.Template|x86.Build.0 = Release|Win32
		{E0A5AC08-2BC1-4E02-B652-D285466111E0}.Debug|Win32.ActiveCfg = Debug|Win32
		{E0A5AC08-2BC1-4E02-B652-D285466111E0}.Debug|Win32.Build.0 = Debug|Win32
		{E0A5AC08-2BC1-4E02-B652-D285466111E0}.Debug|x64.ActiveCfg = Debug|Win32
		{E0A5AC08-2BC1-4E02-B652-D285466111E0}.Debug|x86.ActiveCfg = Debug|Win32
		{E0A5AC08-2BC1-4E02-B652-D285466111E0}.Debug|x86.Build.0 = Debug|Win32
		{E0A5AC08-2BC1-4E02-B652-D285466111E0}.Profile|Win32.ActiveCfg = Release|Win32
		{E0A5AC08-2BC1-4E02-B652-D285466111E0}.Profile|Win32.Build.0 = Release|Win32
		{E0A5AC08-2BC1-4E02-B652-D285466111E0}.Profile|x64.ActiveCfg = Release|Win32
		{E0A5AC08-2BC1-4E02-B652-D285466111E0}.Profile|x64.Build.0 = Release|Win32
		{E0A5AC08-2BC1-4E02-B652-D285466111E0}.Profile|x86.ActiveCfg = Release|Win32
		{E0A5AC08-2BC1-4E02-B652-D285466111E0}.Profile|x86.Build.0 = Release|Win32
		{E0A5AC08-2BC1-4E02-B652-D285466111E0}.Release|Win32.ActiveCfg = Release|Win32
		{E0A5AC08-2BC1-4E02-B652-D285466111E0}.Release|Win32.Build.0 = Release|Win32
		{E0A5AC08-2BC1-4E02-B652-D285466111E0}.Release|x64.ActiveCfg = Release|Win32
		{E0A5AC08-2BC1-4E02-B652-D285466111E0}.Release|x86.ActiveCfg = Release|Win32
		{E0A5AC08-2BC1-4E02-B652-D285466111E0}.Release|x86.Build.0 = Release|Win32
		{E0A5AC08-2BC1-4E02-B652-D285466111E0}.Template|Win32.ActiveCfg = Release|Win32
		{E0A5AC08-2BC1-4E02-B652-D285466111E0}.Template|Win32.Build.0 = Release|Win32
		{E0A5AC08-2BC1-4E02-B652-D285466111E0}.Template|x64.ActiveCfg = Release|Win32
		{E0A5AC08-2BC1-4E02-B652-D285466111E0}.Template|x64.Build.0 = Release|Win32
		{E0A5AC08-2BC1-4E02-B652-D285466111E0}.Template|x86.ActiveCfg = Release|Win32
		{E0A5AC08-2BC1-4E02-B652-D285466111E0}.Template|x86.Build.0 = Release|Win32
		{36AE1C7D-855D-449A-BF72-6FEEA42226BB}.Debug|Win32.ActiveCfg = Debug|Win32
		{36AE1C7D-855D-449A-BF72-6FEEA42226BB}.Debug|Win32.Build.0 = Debug|Win32
		{36AE1C7D-855D-449A-BF72-6FEEA42226BB}.Debug|x64.ActiveCfg = Debug|Win32
		{36AE1C7D-855D-449A-BF72-6FEEA42226BB}.Debug|x86.ActiveCfg = Debug|Win32
		{36AE1C7D-855D-449A-BF72-6FEEA42226BB}.Debug|x86.Build.0 = Debug|Win32
		{36AE1C7D-855D-449A-BF72-6FEEA42226BB}.Profile|Win32.ActiveCfg = Release|Win32
		{36AE1C7D-855D-449A-BF72-6FEEA42226BB}.Profile|Win32.Build.0 = Release|Win32
		{36AE1C7D-855D-449A-BF72-6FEEA42226BB}.Profile|x64.ActiveCfg = Release|Win32
		{36AE1C7D-855D-449A-BF72-6FEEA42226BB}.Profile|x64.Build.0 = Release|Win32
		{36AE1C7D-855D-449A-BF72-6FEEA42226BB}.Profile|x86.ActiveCfg = Release|Win32
		{36AE1C7D-855D-449A-BF72-6FEEA42226BB}.Profile|x86.Build.0 = Release|Win32
		{36AE1C7D-855D-449A-BF72-6FEEA42226BB}.Release|Win32.ActiveCfg = Release|Win32
		{36AE1C7D-855D-449A-BF72-6FEEA42226BB}.Release|Win32.Build.0 = Release|Win32
		{36AE1C7D-855D-449A-BF72-6FEEA42226BB}.Release|x64.ActiveCfg = Release|Win32
		{36AE1C7D-855D-449A-BF72-6FEEA42226BB}.Release|x86.ActiveCfg = Release|Win32
		{36AE1C7D-855D-449A-BF72-6FEEA42226BB}.Release|x86.Build.0 = Release|Win32
		{36AE1C7D-855D-449A-BF72-6FEEA42226BB}.Template|Win32.ActiveCfg = Release|Win32
		{36AE1C7D-855D-449A-BF72-6FEEA42226BB}.Template|Win32.Build.0 = Release|Win32
		{36AE1C7D-855D-449A-BF72-6FEEA42226BB}.Template|x64.ActiveCfg = Release|Win32
		{36AE1C7D-855D-449A-BF72-6FEEA42226BB}.Template|x64.Build.0 = Release|Win32
		{36AE1C7D-855D-449A-BF72-6FEEA42226BB}.Template|x86.ActiveCfg = Release|Win32
		{36AE1C7D-855D-449A-BF72-6FEEA42226BB}.Template|x86.Build.0 = Release|Win32
		{4FDF6209-ED09-459C-8408-FD64A6424865}.Debug|Win32.ActiveCfg = Debug|Win32
		{4FDF6209-ED09-459C-8408-FD64A6424865}.Debug|Win32.Build.0 = Debug|Win32
		{4FDF6209-ED09-459C-8408-FD64A6424865}.Debug|x64.ActiveCfg = Debug|Win32
		{4FDF6209-ED09-459C-8408-FD64A6424865}.Debug|x86.ActiveCfg = Debug|Win32
		{4FDF6209-ED09-459C-8408-FD64A6424865}.Debug|x86.Build.0 = Debug|Win32
		{4FDF6209-ED09-459C-8408-FD64A6424865}.Profile|Win32.ActiveCfg = Release|Win32
		{4FDF6209-ED09-459C-8408-FD64A6424865}.Profile|Win32.Build.0 = Release|Win32
		{4FDF6209-ED09-459C-8408-FD64A6424865}.Profile|x64.ActiveCfg = Release|Win32
		{4FDF6209-ED09-459C-8408-FD64A6424865}.Profile|x64.Build.0 = Release|Win32
		{4FDF6209-ED09-459C-8408-FD64A6424865}.Profile|x86.ActiveCfg = Release|Win32
		{4FDF6209-ED09-459C-8408-FD64A6424865}.Profile|x86.Build.0 = Release|Win32
		{4FDF6209-ED09-459C-8408-FD64A6424865}.Release|Win32.ActiveCfg = Release|Win32
		{4FDF6209-ED09-459C-8408-FD64A6424865}.Release|Win32.Build.0 = Release|Win32
		{4FDF6209-ED09-459C-8408-FD64A6424865}.Release|x64.ActiveCfg = Release|Win32
		{4FDF6209-ED09-459C-8408-FD64A6424865}.Release|x86.ActiveCfg = Release|Win32
		{4FDF6209-ED09-459C-8408-FD64A6424865}.Release|x86.Build.0 = Release|Win32
		{4FDF6209-ED09-459C-8408-FD64A6424865}.Template|Win32.ActiveCfg = Release|Win32
		{4FDF6209-ED09-459C-8408-FD64A6424865}.Template|Win32.Build.0 = Release|Win32
		{4FDF6209-ED09-459C-8408-FD64A6424865}.Template|x64.ActiveCfg = Release|Win32
		{4FDF6209-ED09-459C-8408-FD64A6424865}.Template|x64.Build.0 = Release|Win32
		{4FDF6209-ED09-459C-8408-FD64A6424865}.Template|x86.ActiveCfg = Release|Win32
		{4FDF6209-ED09-459C-8408-FD64A6424865}.Template|x86.Build.0 = Release|Win32
		{74323965-6EC3-4E61-926B-172EF94E096B}.Debug|Win32.ActiveCfg = Debug|Win32
		{74323965-6EC3-4E61-926B-172EF94E096B}.Debug|Win32.Build.0 = Debug|Win32
		{74323965-6EC3-4E61-926B-172EF94E096B}.Debug|x64.ActiveCfg = Debug|Win32
		{74323965-6EC3-4E61-926B-172EF94E096B}.Debug|x86.ActiveCfg = Debug|Win32
		{74323965-6EC3-4E61-926B-172EF94E096B}.Debug|x86.Build.0 = Debug|Win32
		{74323965-6EC3-4E61-926B-172EF94E096B}.Profile|Win32.ActiveCfg = Release|Win32
		{74323965-6EC3-4E61-926B-172EF94E096B}.Profile|Win32.Build.0 = Release|Win32
		{74323965-6EC3-4E61-926B-172EF94E096B}.Profile|x64.ActiveCfg = Release|Win32
		{74323965-6EC3-4E61-926B-172EF94E096B}.Profile|x64.Build.0 = Release|Win32
		{74323965-6EC3-4E61-926B-172EF94E096B}.Profile|x86.ActiveCfg = Release|Win32
		{74323965-6EC3-4E61-926B-172EF94E096B}.Profile|x86.Build.0 = Release|Win32
		{74323965-6EC3-4E61-926B-172EF94E096B}.Release|Win32.ActiveCfg = Release|Win32
		{74323965-6EC3-4E61-926B-172EF94E096B}.Release|Win32.Build.0 = Release|Win32
		{74323965-6EC3-4E61-926B-172EF94E096B}.Release|x64.ActiveCfg = Release|Win32
		{74323965-6EC3-4E61-926B-172EF94E096B}.Release|x86.ActiveCfg = Release|Win32
		{74323965-6EC3-4E61-926B-172EF94E096B}.Release|x86.Build.0 = Release|Win32
		{74323965-6EC3-4E61-926B-172EF94E096B}.Template|Win32.ActiveCfg = Release|Win32
		{74323965-6EC3-4E61-926B-172EF94E096B}.Template|Win32.Build.0 = Release|Win32
		{74323965-6EC3-4E61-926B-172EF94E096B}.Template|x64.ActiveCfg = Release|Win32
		{74323965-6EC3-4E61-926B-172EF94E096B}.Template|x64.Build.0 = Release|Win32
		{74323965-6EC3-4E61-926B-172EF94E096B}.Template|x86.ActiveCfg = Release|Win32
		{74323965-6EC3-4E61-926B-172EF94E096B}.Template|x86.Build.0 = Release|Win32
		{E2E1459D-7972-49B9-BEFD-5889A40EF9CD}.Debug|Win32.ActiveCfg = Debug|Win32
		{E2E1459D-7972-49B9-BEFD-5889A40EF9CD}.Debug|Win32.Build.0 = Debug|Win32
		{E2E1459D-7972-49B9-BEFD-5889A40EF9CD}.Debug|x64.ActiveCfg = Debug|Win32
		{E2E1459D-7972-49B9-BEFD-5889A40EF9CD}.Debug|x86.ActiveCfg = Debug|Win32
		{E2E1459D-7972-49B9-BEFD-5889A40EF9CD}.Debug|x86.Build.0 = Debug|Win32
		{E2E1459D-7972-49B9-BEFD-5889A40EF9CD}.Profile|Win32.ActiveCfg = Release|Win32
		{E2E1459D-7972-49B9-BEFD-5889A40EF9CD}.Profile|Win32.Build.0 = Release|Win32
		{E2E1459D-7972-49B9-BEFD-5889A40EF9CD}.Profile|x64.ActiveCfg = Release|Win32
		{E2E1459D-7972-49B9-BEFD-5889A40EF9CD}.Profile|x64.Build.0 = Release|Win32
		{E2E1459D-7972-49B9-BEFD-5889A40EF9CD}.Profile|x86.ActiveCfg = Release|Win32
		{E2E1459D-7972-49B9-BEFD-5889A40EF9CD}.Profile|x86.Build.0 = Release|Win32
		{E2E1459D-7972-49B9-BEFD-5889A40EF9CD}.Release|Win32.ActiveCfg = Release|Win32
		{E2E1459D-7972-49B9-BEFD-5889A40EF9CD}.Release|Win32.Build.0 = Release|Win32
		{E2E1459D-7972-49B9-BEFD-5889A40EF9CD}.Release|x64.ActiveCfg = Release|Win32
		{E2E1459D-7972-49B9-BEFD-5889A40EF9CD}.Release|x86.ActiveCfg = Release|Win32
		{E2E1459D-7972-49B9-BEFD-5889A40EF9CD}.Release|x86.Build.0 = Release|Win32
		{E2E1459D-7972-49B9-BEFD-5889A40EF9CD}.Template|Win32.ActiveCfg = Release|Win32
		{E2E1459D-7972-49B9-BEFD-5889A40EF9CD}.Template|Win32.Build.0 = Release|Win32
		{E2E1459D-7972-49B9-BEFD-5889A40EF9CD}.Template|x64.ActiveCfg = Release|Win32
		{E2E1459D-7972-49B9-BEFD-5889A40EF9CD}.Template|x64.Build.0 = Release|Win32
		{E2E1459D-7972-49B9-BEFD-5889A40EF9CD}.Template|x86.ActiveCfg = Release|Win32
		{E2E1459D-7972-49B9-BEFD-5889A40EF9CD}.Template|x86.Build.0 = Release|Win32
		{D20A1AF7-515A-4190-AE03-4B4D370754D7}.Debug|Win32.ActiveCfg = Debug|Win32
		{D20A1AF7-515A-4190-AE03-4B4D370754D7}.Debug|Win32.Build.0 = Debug|Win32
		{D20A1AF7-515A-4190-AE03-4B4D370754D7}.Debug|x64.ActiveCfg = Debug|Win32
		{D20A1AF7-515A-4190-AE03-4B4D370754D7}.Debug|x86.ActiveCfg = Debug|Win32
		{D20A1AF7-515A-4190-AE03-4B4D370754D7}.Debug|x86.Build.0 = Debug|Win32
		{D20A1AF7-515A-4190-AE03-4B4D370754D7}.Profile|Win32.ActiveCfg = Release|Win32
		{D20A1AF7-515A-4190-AE03-4B4D370754D7}.Profile|Win32.Build.0 = Release|Win32
		{D20A1AF7-515A-4190-AE03-4B4D370754D7}.Profile|x64.ActiveCfg = Release|Win32
		{D20A1AF7-515A-4190-AE03-4B4D370754D7}.Profile|x64.Build.0 = Release|Win32
		{D20A1AF7-515A-4190-AE03-4B4D370754D7}.Profile|x86.ActiveCfg = Release|Win32
		{D20A1AF7-515A-4190-AE03-4B4D370754D7}.Profile|x86.Build.0 = Release|Win32
		{D20A1AF7-515A-4190-AE03-4B4D370754D7}.Release|Win32.ActiveCfg = Release|Win32
		{D20A1AF7-515A-4190-AE03-4B4D370754D7}.Release|Win32.Build.0 = Release|Win32
		{D20A1AF7-515A-4190-AE03-4B4D370754D7}.Release|x64.ActiveCfg = Release|Win32
		{D20A1AF7-515A-4190-AE03-4B4D370754D7}.Release|x86.ActiveCfg = Release|Win32
		{D20A1AF7-515A-4190-AE03-4B4D370754D7}.Release|x86.Build.0 = Release|Win32
		{D20A1AF7-515A-4190-AE03-4B4D370754D7}.Template|Win32.ActiveCfg = Release|Win32
		{D20A1AF7-515A-4190-AE03-4B4D370754D7}.Template|Win32.Build.0 = Release|Win32
		{D20A1AF7-515A-4190-AE03-4B4D370754D7}.Template|x64.ActiveCfg = Release|Win32
		{D20A1AF7-515A-4190-AE03-4B4D370754D7}.Template|x64.Build.0 = Release|Win32
		{D20A1AF7-515A-4190-AE03-4B4D370754D7}.Template|x86.ActiveCfg = Release|Win32
		{D20A1AF7-515A-4190-AE03-4B4D370754D7}.Template|x86.Build.0 = Release|Win32
		{F0F361E0-965F-4929-B55C-E65CFC811E2E}.Debug|Win32.ActiveCfg = Debug|Win32
		{F0F361E0-965F-4929-B55C-E65CFC811E2E}.Debug|Win32.Build.0 = Debug|Win32
		{F0F361E0-965F-4929-B55C-E65CFC811E2E}.Debug|x64.ActiveCfg = Debug|Win32
		{F0F361E0-965F-4929-B55C-E65CFC811E2E}.Debug|x86.ActiveCfg = Debug|Win32
		{F0F361E0-965F-4929-B55C-E65CFC811E2E}.Debug|x86.Build.0 = Debug|Win32
		{F0F361E0-965F-4929-B55C-E65CFC811E2E}.Profile|Win32.ActiveCfg = Release|Win32
		{F0F361E0-965F-4929-B55C-E65CFC811E2E}.Profile|Win32.Build.0 = Release|Win32
		{F0F361E0-965F-4929-B55C-E65CFC811E2E}.Profile|x64.ActiveCfg = Release|Win32
		{F0F361E0-965F-4929-B55C-E65CFC811E2E}.Profile|x64.Build.0 = Release|Win32
		{F0F361E0-965F-4929-B55C-E65CFC811E2E}.Profile|x86.ActiveCfg = Release|Win32
		{F0F361E0-965F-4929-B55C-E65CFC811E2E}.Profile|x86.Build.0 = Release|Win32
		{F0F361E0-965F-4929-B55C-E65CFC811E2E}.Release|Win32.ActiveCfg = Release|Win32
		{F0F361E0-965F-4929-B55C-E65CFC811E2E}.Release|Win32.Build.0 = Release|Win32
		{F0F361E0-965F-4929-B55C-E65CFC811E2E}.Release|x64.ActiveCfg = Release|Win32
		{F0F361E0-965F-4929-B55C-E65CFC811E2E}.Release|x86.ActiveCfg = Release|Win32
		{F0F361E0-965F-4929-B55C-E65CFC811E2E}.Release|x86.Build.0 = Release|Win32
		{F0F361E0-965F-4929-B55C-E65CFC811E2E}.Template|Win32.ActiveCfg = Release|Win32
		{F0F361E0-965F-4929-B55C-E65CFC811E2E}.Template|Win32.Build.0 = Release|Win32
		{F0F361E0-965F-4929-B55C-E65CFC811E2E}.Template|x64.ActiveCfg = Release|Win32
		{F0F361E0-965F-4929-B55C-E65CFC811E2E}.Template|x64.Build.0 = Release|Win32
		{F0F361E0-965F-4929-B55C-E65CFC811E2E}.Template|x86.ActiveCfg = Release|Win32
		{F0F361E0-965F-4929-B55C-E65CFC811E2E}.Template|x86.Build.0 = Release|Win32
		{B014A477-B2C1-4C37-8578-B0AABF56318F}.Debug|Win32.ActiveCfg = Debug|Win32
		{B014A477-B2C1-4C37-8578-B0AABF56318F}.Debug|Win32.Build.0 = Debug|Win32
		{B014A477-B2C1-4C37-8578-B0AABF56318F}.Debug|x64.ActiveCfg = Debug|Win32
		{B014A477-B2C1-4C37-8578-B0AABF56318F}.Debug|x86.ActiveCfg = Debug|Win32
		{B014A477-B2C1-4C37-8578-B0AABF56318F}.Debug|x86.Build.0 = Debug|Win32
		{B014A477-B2C1-4C37-8578-B0AABF56318F}.Profile|Win32.ActiveCfg = Release|Win32
		{B014A477-B2C1-4C37-8578-B0AABF56318F}.Profile|Win32.Build.0 = Release|Win32
		{B014A477-B2C1-4C37-8578-B0AABF56318F}.Profile|x64.ActiveCfg = Release|Win32
		{B014A477-B2C1-4C37-8578-B0AABF56318F}.Profile|x64.Build.0 = Release|Win32
		{B014A477-B2C1-4C37-8578-B0AABF56318F}.Profile|x86.ActiveCfg = Release|Win32
		{B014A477-B2C1-4C37-8578-B0AABF56318F}.Profile|x86.Build.0 = Release|Win32
		{B014A477-B2C1-4C37-8578-B0AABF56318F}.Release|Win32.ActiveCfg = Release|Win32
		{B014A477-B2C1-4C37-8578-B0AABF56318F}.Release|Win32.Build.0 = Release|Win32
		{B014A477-B2C1-4C37-8578-B0AABF56318F}.Release|x64.ActiveCfg = Release|Win32
		{B014A477-B2C1-4C37-8578-B0AABF56318F}.Release|x86.ActiveCfg = Release|Win32
		{B014A477-B2C1-4C37-8578-B0AABF56318F}.Release|x86.Build.0 = Release|Win32
		{B014A477-B2C1-4C37-8578-B0AABF56318F}.Template|Win32.ActiveCfg = Release|Win32
		{B014A477-B2C1-4C37-8578-B0AABF56318F}.Template|Win32.Build.0 = Release|Win32
		{B014A477-B2C1-4C37-8578-B0AABF56318F}.Template|x64.ActiveCfg = Release|Win32
		{B014A477-B2C1-4C37-8578-B0AABF56318F}.Template|x64.Build.0 = Release|Win32
		{B014A477-B2C1-4C37-8578-B0AABF56318F}.Template|x86.ActiveCfg = Release|Win32
		{B014A477-B2C1-4C37-8578-B0AABF56318F}.Template|x86.Build.0 = Release|Win32
		{2C1F2F30-CBE5-4E50-885D-4B9FB1ECDFA8}.Debug|Win32.ActiveCfg = Debug|Win32
		{2C1F2F30-CBE5-4E50-885D-4B9FB1ECDFA8}.Debug|Win32.Build.0 = Debug|Win32
		{2C1F2F30-CBE5-4E50-885D-4B9FB1ECDFA8}.Debug|x64.ActiveCfg = Debug|Win32
		{2C1F2F30-CBE5-4E50-885D-4B9FB1ECDFA8}.Debug|x86.ActiveCfg = Debug|Win32
		{2C1F2F30-CBE5-4E50-885D-4B9FB1ECDFA8}.Debug|x86.Build.0 = Debug|Win32
		{2C1F2F30-CBE5-4E50-885D-4B9FB1ECDFA8}.Profile|Win32.ActiveCfg = Release|Win32
		{2C1F2F30-CBE5-4E50-885D-4B9FB1ECDFA8}.Profile|Win32.Build.0 = Release|Win32
		{2C1F2F30-CBE5-4E50-885D-4B9FB1ECDFA8}.Profile|x64.ActiveCfg = Release|Win32
		{2C1F2F30-CBE5-4E50-885D-4B9FB1ECDFA8}.Profile|x64.Build.0 = Release|Win32
		{2C1F2F30-CBE5-4E50-885D-4B9FB1ECDFA8}.Profile|x86.ActiveCfg = Release|Win32
		{2C1F2F30-CBE5-4E50-885D-4B9FB1ECDFA8}.Profile|x86.Build.0 = Release|Win32
		{2C1F2F30-CBE5-4E50-885D-4B9FB1ECDFA8}.Release|Win32.ActiveCfg = Release|Win32
		{2C1F2F30-CBE5-4E50-885D-4B9FB1ECDFA8}.Release|Win32.Build.0 = Release|Win32
		{2C1F2F30-CBE5-4E50-885D-4B9FB1ECDFA8}.Release|x64.ActiveCfg = Release|Win32
		{2C1F2F30-CBE5-4E50-885D-4B9FB1ECDFA8}.Release|x86.ActiveCfg = Release|Win32
		{2C1F2F30-CBE5-4E50-885D-4B9FB1ECDFA8}.Release|x86.Build.0 = Release|Win32
		{2C1F2F30-CBE5-4E50-885D-4B9FB1ECDFA8}.Template|Win32.ActiveCfg = Release|Win32
		{2C1F2F30-CBE5-4E50-885D-4B9FB1ECDFA8}.Template|Win32.Build.0 = Release|Win32
		{2C1F2F30-CBE5-4E50-885D-4B9FB1ECDFA8}.Template|x64.ActiveCfg = Release|Win32
		{2C1F2F30-CBE5-4E50-885D-4B9FB1ECDFA8}.Template|x64.Build.0 = Release|Win32
		{2C1F2F30-CBE5-4E50-885D-4B9FB1ECDFA8}.Template|x86.ActiveCfg = Release|Win32
		{2C1F2F30-CBE5-4E50-885D-4B9FB1ECDFA8}.Template|x86.Build.0 = Release|Win32
		{72915781-22E7-4009-80DD-8C91E7DC3E7C}.Debug|Win32.ActiveCfg = Debug|Win32
		{72915781-22E7-4009-80DD-8C91E7DC3E7C}.Debug|Win32.Build.0 = Debug|Win32
		{72915781-22E7-4009-80DD-8C91E7DC3E7C}.Debug|x64.ActiveCfg = Debug|Win32
		{72915781-22E7-4009-80DD-8C91E7DC3E7C}.Debug|x86.ActiveCfg = Debug|Win32
		{72915781-22E7-4009-80DD-8C91E7DC3E7C}.Debug|x86.Build.0 = Debug|Win32
		{72915781-22E7-4009-80DD-8C91E7DC3E7C}.Profile|Win32.ActiveCfg = Release|Win32
		{72915781-22E7-4009-80DD-8C91E7DC3E7C}.Profile|Win32.Build.0 = Release|Win32
		{72915781-22E7-4009-80DD-8C91E7DC3E7C}.Profile|x64.ActiveCfg = Release|Win32
		{72915781-22E7-4009-80DD-8C91E7DC3E7C}.Profile|x64.Build.0 = Release|Win32
		{72915781-22E7-4009-80DD-8C91E7DC3E7C}.Profile|x86.ActiveCfg = Release|Win32
		{72915781-22E7-4009-80DD-8C91E7DC3E7C}.Profile|x86.Build.0 = Release|Win32
		{72915781-22E7-4009-80DD-8C91E7DC3E7C}.Release|Win32.ActiveCfg = Release|Win32
		{72915781-22E7-4009-80DD-8C91E7DC3E7C}.Release|Win32.Build.0 = Release|Win32
		{72915781-22E7-4009-80DD-8C91E7DC3E7C}.Release|x64.ActiveCfg = Release|Win32
		{72915781-22E7-4009-80DD-8C91E7DC3E7C}.Release|x86.ActiveCfg = Release|Win32
		{72915781-22E7-4009-80DD-8C91E7DC3E7C}.Release|x86.Build.0 = Release|Win32
		{72915781-22E7-4009-80DD-8C91E7DC3E7C}.Template|Win32.ActiveCfg = Release|Win32
		{72915781-22E7-4009-80DD-8C91E7DC3E7C}.Template|Win32.Build.0 = Release|Win32
		{72915781-22E7-4009-80DD-8C91E7DC3E7C}.Template|x64.ActiveCfg = Release|Win32
		{72915781-22E7-4009-80DD-8C91E7DC3E7C}.Template|x64.Build.0 = Release|Win32
		{72915781-22E7-4009-80DD-8C91E7DC3E7C}.Template|x86.ActiveCfg = Release|Win32
		{72915781-22E7-4009-80DD-8C91E7DC3E7C}.Template|x86.Build.0 = Release|Win32
		{FD67C296-3F3E-4B7A-888B-0ADDD409F42E}.Debug|Win32.ActiveCfg = Debug|Win32
		{FD67C296-3F3E-4B7A-888B-0ADDD409F42E}.Debug|Win32.Build.0 = Debug|Win32
		{FD67C296-3F3E-4B7A-888B-0ADDD409F42E}.Debug|x64.ActiveCfg = Debug|Win32
		{FD67C296-3F3E-4B7A-888B-0ADDD409F42E}.Debug|x86.ActiveCfg = Debug|Win32
		{FD67C296-3F3E-4B7A-888B-0ADDD409F42E}.Debug|x86.Build.0 = Debug|Win32
		{FD67C296-3F3E-4B7A-888B-0ADDD409F42E}.Profile|Win32.ActiveCfg = Release|Win32
		{FD67C296-3F3E-4B7A-888B-0ADDD409F42E}.Profile|Win32.Build.0 = Release|Win32
		{FD67C296-3F3E-4B7A-888B-0ADDD409F42E}.Profile|x64.ActiveCfg = Release|Win32
		{FD67C296-3F3E-4B7A-888B-0ADDD409F42E}.Profile|x64.Build.0 = Release|Win32
		{FD67C296-3F3E-4B7A-888B-0ADDD409F42E}.Profile|x86.ActiveCfg = Release|Win32
		{FD67C296-3F3E-4B7A-888B-0ADDD409F42E}.Profile|x86.Build.0 = Release|Win32
		{FD67C296-3F3E-4B7A-888B-0ADDD409F42E}.Release|Win32.ActiveCfg = Release|Win32
		{FD67C296-3F3E-4B7A-888B-0ADDD409F42E}.Release|Win32.Build.0 = Release|Win32
		{FD67C296-3F3E-4B7A-888B-0ADDD409F42E}.Release|x64.ActiveCfg = Release|Win32
		{FD67C296-3F3E-4B7A-888B-0ADDD409F42E}.Release|x86.ActiveCfg = Release|Win32
		{FD67C296-3F3E-4B7A-888B-0ADDD409F42E}.Release|x86.Build.0 = Release|Win32
		{FD67C296-3F3E-4B7A-888B-0ADDD409F42E}.Template|Win32.ActiveCfg = Release|Win32
		{FD67C296-3F3E-4B7A-888B-0ADDD409F42E}.Template|Win32.Build.0 = Release|Win32
		{FD67C296-3F3E-4B7A-888B-0ADDD409F42E}.Template|x64.ActiveCfg = Release|Win32
		{FD67C296-3F3E-4B7A-888B-0ADDD409F42E}.Template|x64.Build.0 = Release|Win32
		{FD67C296-3F3E-4B7A-888B-0ADDD409F42E}.Template|x86.ActiveCfg = Release|Win32
		{FD67C296-3F3E-4B7A-888B-0ADDD409F42E}.Template|x86.Build.0 = Release|Win32
		{2BE47B75-543A-4DBB-9513-1C23E3BCE4B8}.Debug|Win32.ActiveCfg = Debug|Win32
		{2BE47B75-543A-4DBB-9513-1C23E3BCE4B8}.Debug|Win32.Build.0 = Debug|Win32
		{2BE47B75-543A-4DBB-9513-1C23E3BCE4B8}.Debug|x64.ActiveCfg = Debug|Win32
		{2BE47B75-543A-4DBB-9513-1C23E3BCE4B8}.Debug|x86.ActiveCfg = Debug|Win32
		{2BE47B75-543A-4DBB-9513-1C23E3BCE4B8}.Debug|x86.Build.0 = Debug|Win32
		{2BE47B75-543A-4DBB-9513-1C23E3BCE4B8}.Profile|Win32.ActiveCfg = Release|Win32
		{2BE47B75-543A-4DBB-9513-1C23E3BCE4B8}.Profile|Win32.Build.0 = Release|Win32
		{2BE47B75-543A-4DBB-9513-1C23E3BCE4B8}.Profile|x64.ActiveCfg = Release|Win32
		{2BE47B75-543A-4DBB-9513-1C23E3BCE4B8}.Profile|x64.Build.0 = Release|Win32
		{2BE47B75-543A-4DBB-9513-1C23E3BCE4B8}.Profile|x86.ActiveCfg = Release|Win32
		{2BE47B75-543A-4DBB-9513-1C23E3BCE4B8}.Profile|x86.Build.0 = Release|Win32
		{2BE47B75-543A-4DBB-9513-1C23E3BCE4B8}.Release|Win32.ActiveCfg = Release|Win32
		{2BE47B75-543A-4DBB-9513-1C23E3BCE4B8}.Release|Win32.Build.0 = Release|Win32
		{2BE47B75-543A-4DBB-9513-1C23E3BCE4B8}.Release|x64.ActiveCfg = Release|Win32
		{2BE47B75-543A-4DBB-9513-1C23E3BCE4B8}.Release|x86.ActiveCfg = Release|Win32
		{2BE47B75-543A-4DBB-9513-1C23E3BCE4B8}.Release|x86.Build.0 = Release|Win32
		{2BE47B75-543A-4DBB-9513-1C23E3BCE4B8}.Template|Win32.ActiveCfg = Release|Win32
		{2BE47B75-543A-4DBB-9513-1C23E3BCE4B8}.Template|Win32.Build.0 = Release|Win32
		{2BE47B75-543A-4DBB-9513-1C23E3BCE4B8}.Template|x64.ActiveCfg = Release|Win32
		{2BE47B75-543A-4DBB-9513-1C23E3BCE4B8}.Template|x64.Build.0 = Release|Win32
		{2BE47B75-543A-4DBB-9513-1C23E3BCE4B8}.Template|x86.ActiveCfg = Release|Win32
		{2BE47B75-543A-4DBB-9513-1C23E3BCE4B8}.Template|x86.Build.0 = Release|Win32
		{BB3D58B4-CD5E-4DCA-97CB-B6A9A5AE1A2C}.Debug|Win32.ActiveCfg = Debug|Win32
		{BB3D58B4-CD5E-4DCA-97CB-B6A9A5AE1A2C}.Debug|Win32.Build.0 = Debug|Win32
		{BB3D58B4-CD5E-4DCA-97CB-B6A9A5AE1A2C}.Debug|x64.ActiveCfg = Debug|Win32
		{BB3D58B4-CD5E-4DCA-97CB-B6A9A5AE1A2C}.Debug|x86.ActiveCfg = Debug|Win32
		{BB3D58B4-CD5E-4DCA-97CB-B6A9A5AE1A2C}.Debug|x86.Build.0 = Debug|Win32
		{BB3D58B4-CD5E-4DCA-97CB-B6A9A5AE1A2C}.Profile|Win32.ActiveCfg = Release|Win32
		{BB3D58B4-CD5E-4DCA-97CB-B6A9A5AE1A2C}.Profile|Win32.Build.0 = Release|Win32
		{BB3D58B4-CD5E-4DCA-97CB-B6A9A5AE1A2C}.Profile|x64.ActiveCfg = Release|Win32
		{BB3D58B4-CD5E-4DCA-97CB-B6A9A5AE1A2C}.Profile|x64.Build.0 = Release|Win32
		{BB3D58B4-CD5E-4DCA-97CB-B6A9A5AE1A2C}.Profile|x86.ActiveCfg = Release|Win32
		{BB3D58B4-CD5E-4DCA-97CB-B6A9A5AE1A2C}.Profile|x86.Build.0 = Release|Win32
		{BB3D58B4-CD5E-4DCA-97CB-B6A9A5AE1A2C}.Release|Win32.ActiveCfg = Release|Win32
		{BB3D58B4-CD5E-4DCA-97CB-B6A9A5AE1A2C}.Release|Win32.Build.0 = Release|Win32
		{BB3D58B4-CD5E-4DCA-97CB-B6A9A5AE1A2C}.Release|x64.ActiveCfg = Release|Win32
		{BB3D58B4-CD5E-4DCA-97CB-B6A9A5AE1A2C}.Release|x86.ActiveCfg = Release|Win32
		{BB3D58B4-CD5E-4DCA-97CB-B6A9A5AE1A2C}.Release|x86.Build.0 = Release|Win32
		{BB3D58B4-CD5E-4DCA-97CB-B6A9A5AE1A2C}.Template|Win32.ActiveCfg = Release|Win32
		{BB3D58B4-CD5E-4DCA-97CB-B6A9A5AE1A2C}.Template|Win32.Build.0 = Release|Win32
		{BB3D58B4-CD5E-4DCA-97CB-B6A9A5AE1A2C}.Template|x64.ActiveCfg = Release|Win32
		{BB3D58B4-CD5E-4DCA-97CB-B6A9A5AE1A2C}.Template|x64.Build.0 = Release|Win32
		{BB3D58B4-CD5E-4DCA-97CB-B6A9A5AE1A2C}.Template|x86.ActiveCfg = Release|Win32
		{BB3D58B4-CD5E-4DCA-97CB-B6A9A5AE1A2C}.Template|x86.Build.0 = Release|Win32
		{AA4F8A90-7C9C-458A-98F9-793E291B5014}.Debug|Win32.ActiveCfg = Debug|Win32
		{AA4F8A90-7C9C-458A-98F9-793E291B5014}.Debug|Win32.Build.0 = Debug|Win32
		{AA4F8A90-7C9C-458A-98F9-793E291B5014}.Debug|x64.ActiveCfg = Debug|Win32
		{AA4F8A90-7C9C-458A-98F9-793E291B5014}.Debug|x86.ActiveCfg = Debug|Win32
		{AA4F8A90-7C9C-458A-98F9-793E291B5014}.Debug|x86.Build.0 = Debug|Win32
		{AA4F8A90-7C9C-458A-98F9-793E291B5014}.Profile|Win32.ActiveCfg = Release|Win32
		{AA4F8A90-7C9C-458A-98F9-793E291B5014}.Profile|Win32.Build.0 = Release|Win32
		{AA4F8A90-7C9C-458A-98F9-793E291B5014}.Profile|x64.ActiveCfg = Release|Win32
		{AA4F8A90-7C9C-458A-98F9-793E291B5014}.Profile|x64.Build.0 = Release|Win32
		{AA4F8A90-7C9C-458A-98F9-793E291B5014}.Profile|x86.ActiveCfg = Release|Win32
		{AA4F8A90-7C9C-458A-98F9-793E291B5014}.Profile|x86.Build.0 = Release|Win32
		{AA4F8A90-7C9C-458A-98F9-793E291B5014}.Release|Win32.ActiveCfg = Release|Win32
		{AA4F8A90-7C9C-458A-98F9-793E291B5014}.Release|Win32.Build.0 = Release|Win32
		{AA4F8A90-7C9C-458A-98F9-793E291B5014}.Release|x64.ActiveCfg = Release|Win32
		{AA4F8A90-7C9C-458A-98F9-793E291B5014}.Release|x86.ActiveCfg = Release|Win32
		{AA4F8A90-7C9C-458A-98F9-793E291B5014}.Release|x86.Build.0 = Release|Win32
		{AA4F8A90-7C9C-458A-98F9-793E291B5014}.Template|Win32.ActiveCfg = Release|Win32
		{AA4F8A90-7C9C-458A-98F9-793E291B5014}.Template|Win32.Build.0 = Release|Win32
		{AA4F8A90-7C9C-458A-98F9-793E291B5014}.Template|x64.ActiveCfg = Release|Win32
		{AA4F8A90-7C9C-458A-98F9-793E291B5014}.Template|x64.Build.0 = Release|Win32
		{AA4F8A90-7C9C-458A-98F9-793E291B5014}.Template|x86.ActiveCfg = Release|Win32
		{AA4F8A90-7C9C-458A-98F9-793E291B5014}.Template|x86.Build.0 = Release|Win32
		{34FA84D2-2553-45C4-BA86-36CBDEAE4538}.Debug|Win32.ActiveCfg = Debug|Win32
		{34FA84D2-2553-45C4-BA86-36CBDEAE4538}.Debug|Win32.Build.0 = Debug|Win32
		{34FA84D2-2553-45C4-BA86-36CBDEAE4538}.Debug|x64.ActiveCfg = Debug|Win32
		{34FA84D2-2553-45C4-BA86-36CBDEAE4538}.Debug|x86.ActiveCfg = Debug|Win32
		{34FA84D2-2553-45C4-BA86-36CBDEAE4538}.Debug|x86.Build.0 = Debug|Win32
		{34FA84D2-2553-45C4-BA86-36CBDEAE4538}.Profile|Win32.ActiveCfg = Release|Win32
		{34FA84D2-2553-45C4-BA86-36CBDEAE4538}.Profile|Win32.Build.0 = Release|Win32
		{34FA84D2-2553-45C4-BA86-36CBDEAE4538}.Profile|x64.ActiveCfg = Release|Win32
		{34FA84D2-2553-45C4-BA86-36CBDEAE4538}.Profile|x64.Build.0 = Release|Win32
		{34FA84D2-2553-45C4-BA86-36CBDEAE4538}.Profile|x86.ActiveCfg = Release|Win32
		{34FA84D2-2553-45C4-BA86-36CBDEAE4538}.Profile|x86.Build.0 = Release|Win32
		{34FA84D2-2553-45C4-BA86-36CBDEAE4538}.Release|Win32.ActiveCfg = Release|Win32
		{34FA84D2-2553-45C4-BA86-36CBDEAE4538}.Release|Win32.Build.0 = Release|Win32
		{34FA84D2-2553-45C4-BA86-36CBDEAE4538}.Release|x64.ActiveCfg = Release|Win32
		{34FA84D2-2553-45C4-BA86-36CBDEAE4538}.Release|x86.ActiveCfg = Release|Win32
		{34FA84D2-2553-45C4-BA86-36CBDEAE4538}.Release|x86.Build.0 = Release|Win32
		{34FA84D2-2553-45C4-BA86-36CBDEAE4538}.Template|Win32.ActiveCfg = Release|Win32
		{34FA84D2-2553-45C4-BA86-36CBDEAE4538}.Template|Win32.Build.0 = Release|Win32
		{34FA84D2-2553-45C4-BA86-36CBDEAE4538}.Template|x64.ActiveCfg = Release|Win32
		{34FA84D2-2553-45C4-BA86-36CBDEAE4538}.Template|x64.Build.0 = Release|Win32
		{34FA84D2-2553-45C4-BA86-36CBDEAE4538}.Template|x86.ActiveCfg = Release|Win32
		{34FA84D2-2553-45C4-BA86-36CBDEAE4538}.Template|x86.Build.0 = Release|Win32
		{6AC13262-A31F-4621-96EB-35419D80B82F}.Debug|Win32.ActiveCfg = Debug|Win32
		{6AC13262-A31F-4621-96EB-35419D80B82F}.Debug|Win32.Build.0 = Debug|Win32
		{6AC13262-A31F-4621-96EB-35419D80B82F}.Debug|x64.ActiveCfg = Debug|Win32
		{6AC13262-A31F-4621-96EB-35419D80B82F}.Debug|x86.ActiveCfg = Debug|Win32
		{6AC13262-A31F-4621-96EB-35419D80B82F}.Debug|x86.Build.0 = Debug|Win32
		{6AC13262-A31F-4621-96EB-35419D80B82F}.Profile|Win32.ActiveCfg = Release|Win32
		{6AC13262-A31F-4621-96EB-35419D80B82F}.Profile|Win32.Build.0 = Release|Win32
		{6AC13262-A31F-4621-96EB-35419D80B82F}.Profile|x64.ActiveCfg = Release|Win32
		{6AC13262-A31F-4621-96EB-35419D80B82F}.Profile|x64.Build.0 = Release|Win32
		{6AC13262-A31F-4621-96EB-35419D80B82F}.Profile|x86.ActiveCfg = Release|Win32
		{6AC13262-A31F-4621-96EB-35419D80B82F}.Profile|x86.Build.0 = Release|Win32
		{6AC13262-A31F-4621-96EB-35419D80B82F}.Release|Win32.ActiveCfg = Release|Win32
		{6AC13262-A31F-4621-96EB-35419D80B82F}.Release|Win32.Build.0 = Release|Win32
		{6AC13262-A31F-4621-96EB-35419D80B82F}.Release|x64.ActiveCfg = Release|Win32
		{6AC13262-A31F-4621-96EB-35419D80B82F}.Release|x86.ActiveCfg = Release|Win32
		{6AC13262-A31F-4621-96EB-35419D80B82F}.Release|x86.Build.0 = Release|Win32
		{6AC13262-A31F-4621-96EB-35419D80B82F}.Template|Win32.ActiveCfg = Release|Win32
		{6AC13262-A31F-4621-96EB-35419D80B82F}.Template|Win32.Build.0 = Release|Win32
		{6AC13262-A31F-4621-96EB-35419D80B82F}.Template|x64.ActiveCfg = Release|Win32
		{6AC13262-A31F-4621-96EB-35419D80B82F}.Template|x64.Build.0 = Release|Win32
		{6AC13262-A31F-4621-96EB-35419D80B82F}.Template|x86.ActiveCfg = Release|Win32
		{6AC13262-A31F-4621-96EB-35419D80B82F}.Template|x86.Build.0 = Release|Win32
		{6995C626-55CD-4EE2-B53D-13FC26B02807}.Debug|Win32.ActiveCfg = Debug|Win32
		{6995C626-55CD-4EE2-B53D-13FC26B02807}.Debug|Win32.Build.0 = Debug|Win32
		{6995C626-55CD-4EE2-B53D-13FC26B02807}.Debug|x64.ActiveCfg = Debug|Win32
		{6995C626-55CD-4EE2-B53D-13FC26B02807}.Debug|x86.ActiveCfg = Debug|Win32
		{6995C626-55CD-4EE2-B53D-13FC26B02807}.Debug|x86.Build.0 = Debug|Win32
		{6995C626-55CD-4EE2-B53D-13FC26B02807}.Profile|Win32.ActiveCfg = Release|Win32
		{6995C626-55CD-4EE2-B53D-13FC26B02807}.Profile|Win32.Build.0 = Release|Win32
		{6995C626-55CD-4EE2-B53D-13FC26B02807}.Profile|x64.ActiveCfg = Release|Win32
		{6995C626-55CD-4EE2-B53D-13FC26B02807}.Profile|x64.Build.0 = Release|Win32
		{6995C626-55CD-4EE2-B53D-13FC26B02807}.Profile|x86.ActiveCfg = Release|Win32
		{6995C626-55CD-4EE2-B53D-13FC26B02807}.Profile|x86.Build.0 = Release|Win32
		{6995C626-55CD-4EE2-B53D-13FC26B02807}.Release|Win32.ActiveCfg = Release|Win32
		{6995C626-55CD-4EE2-B53D-13FC26B02807}.Release|Win32.Build.0 = Release|Win32
		{6995C626-55CD-4EE2-B53D-13FC26B02807}.Release|x64.ActiveCfg = Release|Win32
		{6995C626-55CD-4EE2-B53D-13FC26B02807}.Release|x86.ActiveCfg = Release|Win32
		{6995C626-55CD-4EE2-B53D-13FC26B02807}.Release|x86.Build.0 = Release|Win32
		{6995C626-55CD-4EE2-B53D-13FC26B02807}.Template|Win32.ActiveCfg = Release|Win32
		{6995C626-55CD-4EE2-B53D-13FC26B02807}.Template|Win32.Build.0 = Release|Win32
		{6995C626-55CD-4EE2-B53D-13FC26B02807}.Template|x64.ActiveCfg = Release|Win32
		{6995C626-55CD-4EE2-B53D-13FC26B02807}.Template|x64.Build.0 = Release|Win32
		{6995C626-55CD-4EE2-B53D-13FC26B02807}.Template|x86.ActiveCfg = Release|Win32
		{6995C626-55CD-4EE2-B53D-13FC26B02807}.Template|x86.Build.0 = Release|Win32
		{173B35EF-7143-4AC5-B943-C4351BAD2A94}.Debug|Win32.ActiveCfg = Debug|Win32
		{173B35EF-7143-4AC5-B943-C4351BAD2A94}.Debug|Win32.Build.0 = Debug|Win32
		{173B35EF-7143-4AC5-B943-C4351BAD2A94}.Debug|x64.ActiveCfg = Debug|Win32
		{173B35EF-7143-4AC5-B943-C4351BAD2A94}.Debug|x86.ActiveCfg = Debug|Win32
		{173B35EF-7143-4AC5-B943-C4351BAD2A94}.Debug|x86.Build.0 = Debug|Win32
		{173B35EF-7143-4AC5-B943-C4351BAD2A94}.Profile|Win32.ActiveCfg = Release|Win32
		{173B35EF-7143-4AC5-B943-C4351BAD2A94}.Profile|Win32.Build.0 = Release|Win32
		{173B35EF-7143-4AC5-B943-C4351BAD2A94}.Profile|x64.ActiveCfg = Release|Win32
		{173B35EF-7143-4AC5-B943-C4351BAD2A94}.Profile|x64.Build.0 = Release|Win32
		{173B35EF-7143-4AC5-B943-C4351BAD2A94}.Profile|x86.ActiveCfg = Release|Win32
		{173B35EF-7143-4AC5-B943-C4351BAD2A94}.Profile|x86.Build.0 = Release|Win32
		{173B35EF-7143-4AC5-B943-C4351BAD2A94}.Release|Win32.ActiveCfg = Release|Win32
		{173B35EF-7143-4AC5-B943-C4351BAD2A94}.Release|Win32.Build.0 = Release|Win32
		{173B35EF-7143-4AC5-B943-C4351BAD2A94}.Release|x64.ActiveCfg = Release|Win32
		{173B35EF-7143-4AC5-B943-C4351BAD2A94}.Release|x86.ActiveCfg = Release|Win32
		{173B35EF-7143-4AC5-B943-C4351BAD2A94}.Release|x86.Build.0 = Release|Win32
		{173B35EF-7143-4AC5-B943-C4351BAD2A94}.Template|Win32.ActiveCfg = Release|Win32
		{173B35EF-7143-4AC5-B943-C4351BAD2A94}.Template|Win32.Build.0 = Release|Win32
		{173B35EF-7143-4AC5-B943-C4351BAD2A94}.Template|x64.ActiveCfg = Release|Win32
		{173B35EF-7143-4AC5-B943-C4351BAD2A94}.Template|x64.Build.0 = Release|Win32
		{173B35EF-7143-4AC5-B943-C4351BAD2A94}.Template|x86.ActiveCfg = Release|Win32
		{173B35EF-7143-4AC5-B943-C4351BAD2A94}.Template|x86.Build.0 = Release|Win32
		{723CAB3F-7C3C-440F-8A2F-46AEFDC04CC8}.Debug|Win32.ActiveCfg = Debug|Win32
		{723CAB3F-7C3C-440F-8A2F-46AEFDC04CC8}.Debug|Win32.Build.0 = Debug|Win32
		{723CAB3F-7C3C-440F-8A2F-46AEFDC04CC8}.Debug|x64.ActiveCfg = Debug|Win32
		{723CAB3F-7C3C-440F-8A2F-46AEFDC04CC8}.Debug|x86.ActiveCfg = Debug|Win32
		{723CAB3F-7C3C-440F-8A2F-46AEFDC04CC8}.Debug|x86.Build.0 = Debug|Win32
		{723CAB3F-7C3C-440F-8A2F-46AEFDC04CC8}.Profile|Win32.ActiveCfg = Release|Win32
		{723CAB3F-7C3C-440F-8A2F-46AEFDC04CC8}.Profile|Win32.Build.0 = Release|Win32
		{723CAB3F-7C3C-440F-8A2F-46AEFDC04CC8}.Profile|x64.ActiveCfg = Release|Win32
		{723CAB3F-7C3C-440F-8A2F-46AEFDC04CC8}.Profile|x64.Build.0 = Release|Win32
		{723CAB3F-7C3C-440F-8A2F-46AEFDC04CC8}.Profile|x86.ActiveCfg = Release|Win32
		{723CAB3F-7C3C-440F-8A2F-46AEFDC04CC8}.Profile|x86.Build.0 = Release|Win32
		{723CAB3F-7C3C-440F-8A2F-46AEFDC04CC8}.Release|Win32.ActiveCfg = Release|Win32
		{723CAB3F-7C3C-440F-8A2F-46AEFDC04CC8}.Release|Win32.Build.0 = Release|Win32
		{723CAB3F-7C3C-440F-8A2F-46AEFDC04CC8}.Release|x64.ActiveCfg = Release|Win32
		{723CAB3F-7C3C-440F-8A2F-46AEFDC04CC8}.Release|x86.ActiveCfg = Release|Win32
		{723CAB3F-7C3C-440F-8A2F-46AEFDC04CC8}.Release|x86.Build.0 = Release|Win32
		{723CAB3F-7C3C-440F-8A2F-46AEFDC04CC8}.Template|Win32.ActiveCfg = Release|Win32
		{723CAB3F-7C3C-440F-8A2F-46AEFDC04CC8}.Template|Win32.Build.0 = Release|Win32
		{723CAB3F-7C3C-440F-8A2F-46AEFDC04CC8}.Template|x64.ActiveCfg = Release|Win32
		{723CAB3F-7C3C-440F-8A2F-46AEFDC04CC8}.Template|x64.Build.0 = Release|Win32
		{723CAB3F-7C3C-440F-8A2F-46AEFDC04CC8}.Template|x86.ActiveCfg = Release|Win32
		{723CAB3F-7C3C-440F-8A2F-46AEFDC04CC8}.Template|x86.Build.0 = Release|Win32
		{D73B4DA0-9105-45AA-8C05-FDE1590CEC62}.Debug|Win32.ActiveCfg = Debug|Win32
		{D73B4DA0-9105-45AA-8C05-FDE1590CEC62}.Debug|Win32.Build.0 = Debug|Win32
		{D73B4DA0-9105-45AA-8C05-FDE1590CEC62}.Debug|x64.ActiveCfg = Debug|Win32
		{D73B4DA0-9105-45AA-8C05-FDE1590CEC62}.Debug|x86.ActiveCfg = Debug|Win32
		{D73B4DA0-9105-45AA-8C05-FDE1590CEC62}.Debug|x86.Build.0 = Debug|Win32
		{D73B4DA0-9105-45AA-8C05-FDE1590CEC62}.Profile|Win32.ActiveCfg = Release|Win32
		{D73B4DA0-9105-45AA-8C05-FDE1590CEC62}.Profile|Win32.Build.0 = Release|Win32
		{D73B4DA0-9105-45AA-8C05-FDE1590CEC62}.Profile|x64.ActiveCfg = Release|Win32
		{D73B4DA0-9105-45AA-8C05-FDE1590CEC62}.Profile|x64.Build.0 = Release|Win32
		{D73B4DA0-9105-45AA-8C05-FDE1590CEC62}.Profile|x86.ActiveCfg = Release|Win32
		{D73B4DA0-9105-45AA-8C05-FDE1590CEC62}.Profile|x86.Build.0 = Release|Win32
		{D73B4DA0-9105-45AA-8C05-FDE1590CEC62}.Release|Win32.ActiveCfg = Release|Win32
		{D73B4DA0-9105-45AA-8C05-FDE1590CEC62}.Release|Win32.Build.0 = Release|Win32
		{D73B4DA0-9105-45AA-8C05-FDE1590CEC62}.Release|x64.ActiveCfg = Release|Win32
		{D73B4DA0-9105-45AA-8C05-FDE1590CEC62}.Release|x86.ActiveCfg = Release|Win32
		{D73B4DA0-9105-45AA-8C05-FDE1590CEC62}.Release|x86.Build.0 = Release|Win32
		{D73B4DA0-9105-45AA-8C05-FDE1590CEC62}.Template|Win32.ActiveCfg = Release|Win32
		{D73B4DA0-9105-45AA-8C05-FDE1590CEC62}.Template|Win32.Build.0 = Release|Win32
		{D73B4DA0-9105-45AA-8C05-FDE1590CEC62}.Template|x64.ActiveCfg = Release|Win32
		{D73B4DA0-9105-45AA-8C05-FDE1590CEC62}.Template|x64.Build.0 = Release|Win32
		{D73B4DA0-9105-45AA-8C05-FDE1590CEC62}.Template|x86.ActiveCfg = Release|Win32
		{D73B4DA0-9105-45AA-8C05-FDE1590CEC62}.Template|x86.Build.0 = Release|Win32
		{BDB8610B-6180-450C-A7D8-0C7B3FD8FB2A}.Debug|Win32.ActiveCfg = Debug|Win32
		{BDB8610B-6180-450C-A7D8-0C7B3FD8FB2A}.Debug|Win32.Build.0 = Debug|Win32
		{BDB8610B-6180-450C-A7D8-0C7B3FD8FB2A}.Debug|x64.ActiveCfg = Debug|Win32
		{BDB8610B-6180-450C-A7D8-0C7B3FD8FB2A}.Debug|x86.ActiveCfg = Debug|Win32
		{BDB8610B-6180-450C-A7D8-0C7B3FD8FB2A}.Debug|x86.Build.0 = Debug|Win32
		{BDB8610B-6180-450C-A7D8-0C7B3FD8FB2A}.Profile|Win32.ActiveCfg = Release|Win32
		{BDB8610B-6180-450C-A7D8-0C7B3FD8FB2A}.Profile|Win32.Build.0 = Release|Win32
		{BDB8610B-6180-450C-A7D8-0C7B3FD8FB2A}.Profile|x64.ActiveCfg = Release|Win32
		{BDB8610B-6180-450C-A7D8-0C7B3FD8FB2A}.Profile|x64.Build.0 = Release|Win32
		{BDB8610B-6180-450C-A7D8-0C7B3FD8FB2A}.Profile|x86.ActiveCfg = Release|Win32
		{BDB8610B-6180-450C-A7D8-0C7B3FD8FB2A}.Profile|x86.Build.0 = Release|Win32
		{BDB8610B-6180-450C-A7D8-0C7B3FD8FB2A}.Release|Win32.ActiveCfg = Release|Win32
		{BDB8610B-6180-450C-A7D8-0C7B3FD8FB2A}.Release|Win32.Build.0 = Release|Win32
		{BDB8610B-6180-450C-A7D8-0C7B3FD8FB2A}.Release|x64.ActiveCfg = Release|Win32
		{BDB8610B-6180-450C-A7D8-0C7B3FD8FB2A}.Release|x86.ActiveCfg = Release|Win32
		{BDB8610B-6180-450C-A7D8-0C7B3FD8FB2A}.Release|x86.Build.0 = Release|Win32
		{BDB8610B-6180-450C-A7D8-0C7B3FD8FB2A}.Template|Win32.ActiveCfg = Release|Win32
		{BDB8610B-6180-450C-A7D8-0C7B3FD8FB2A}.Template|Win32.Build.0 = Release|Win32
		{BDB8610B-6180-450C-A7D8-0C7B3FD8FB2A}.Template|x64.ActiveCfg = Release|Win32
		{BDB8610B-6180-450C-A7D8-0C7B3FD8FB2A}.Template|x64.Build.0 = Release|Win32
		{BDB8610B-6180-450C-A7D8-0C7B3FD8FB2A}.Template|x86.ActiveCfg = Release|Win32
		{BDB8610B-6180-450C-A7D8-0C7B3FD8FB2A}.Template|x86.Build.0 = Release|Win32
		{11A6AA28-9FFB-46FB-B39E-73F5ADAACD13}.Debug|Win32.ActiveCfg = Debug|Win32
		{11A6AA28-9FFB-46FB-B39E-73F5ADAACD13}.Debug|Win32.Build.0 = Debug|Win32
		{11A6AA28-9FFB-46FB-B39E-73F5ADAACD13}.Debug|x64.ActiveCfg = Debug|Win32
		{11A6AA28-9FFB-46FB-B39E-73F5ADAACD13}.Debug|x86.ActiveCfg = Debug|Win32
		{11A6AA28-9FFB-46FB-B39E-73F5ADAACD13}.Debug|x86.Build.0 = Debug|Win32
		{11A6AA28-9FFB-46FB-B39E-73F5ADAACD13}.Profile|Win32.ActiveCfg = Release|Win32
		{11A6AA28-9FFB-46FB-B39E-73F5ADAACD13}.Profile|Win32.Build.0 = Release|Win32
		{11A6AA28-9FFB-46FB-B39E-73F5ADAACD13}.Profile|x64.ActiveCfg = Release|Win32
		{11A6AA28-9FFB-46FB-B39E-73F5ADAACD13}.Profile|x64.Build.0 = Release|Win32
		{11A6AA28-9FFB-46FB-B39E-73F5ADAACD13}.Profile|x86.ActiveCfg = Release|Win32
		{11A6AA28-9FFB-46FB-B39E-73F5ADAACD13}.Profile|x86.Build.0 = Release|Win32
		{11A6AA28-9FFB-46FB-B39E-73F5ADAACD13}.Release|Win32.ActiveCfg = Release|Win32
		{11A6AA28-9FFB-46FB-B39E-73F5ADAACD13}.Release|Win32.Build.0 = Release|Win32
		{11A6AA28-9FFB-46FB-B39E-73F5ADAACD13}.Release|x64.ActiveCfg = Release|Win32
		{11A6AA28-9FFB-46FB-B39E-73F5ADAACD13}.Release|x86.ActiveCfg = Release|Win32
		{11A6AA28-9FFB-46FB-B39E-73F5ADAACD13}.Release|x86.Build.0 = Release|Win32
		{11A6AA28-9FFB-46FB-B39E-73F5ADAACD13}.Template|Win32.ActiveCfg = Release|Win32
		{11A6AA28-9FFB-46FB-B39E-73F5ADAACD13}.Template|Win32.Build.0 = Release|Win32
		{11A6AA28-9FFB-46FB-B39E-73F5ADAACD13}.Template|x64.ActiveCfg = Release|Win32
		{11A6AA28-9FFB-46FB-B39E-73F5ADAACD13}.Template|x64.Build.0 = Release|Win32
		{11A6AA28-9FFB-46FB-B39E-73F5ADAACD13}.Template|x86.ActiveCfg = Release|Win32
		{11A6AA28-9FFB-46FB-B39E-73F5ADAACD13}.Template|x86.Build.0 = Release|Win32
	EndGlobalSection
	GlobalSection(SolutionProperties) = preSolution
		HideSolutionNode = FALSE
	EndGlobalSection
	GlobalSection(ExtensibilityGlobals) = postSolution
		SolutionGuid = {E4390FC0-071B-4EC0-B7D8-8ADD8CABF5BD}
	EndGlobalSection
EndGlobal
