
Microsoft Visual Studio Solution File, Format Version 10.00
# Visual C++ Express 2008
Project("{8BC9CEB8-8B4A-11D0-8D11-00A0C91BC942}") = "drawString", "drawString\drawString.vcproj", "{80530D6A-3E9D-4DBE-9DE9-B46594F8EEBA}"
EndProject
Global
	GlobalSection(SolutionConfigurationPlatforms) = preSolution
		Debug|Win32 = Debug|Win32
		Release|Win32 = Release|Win32
	EndGlobalSection
	GlobalSection(ProjectConfigurationPlatforms) = postSolution
		{80530D6A-3E9D-4DBE-9DE9-B46594F8EEBA}.Debug|Win32.ActiveCfg = Debug|Win32
		{80530D6A-3E9D-4DBE-9DE9-B46594F8EEBA}.Debug|Win32.Build.0 = Debug|Win32
		{80530D6A-3E9D-4DBE-9DE9-B46594F8EEBA}.Release|Win32.ActiveCfg = Release|Win32
		{80530D6A-3E9D-4DBE-9DE9-B46594F8EEBA}.Release|Win32.Build.0 = Release|Win32
	EndGlobalSection
	GlobalSection(SolutionProperties) = preSolution
		HideSolutionNode = FALSE
	EndGlobalSection
EndGlobal
