
Microsoft Visual Studio Solution File, Format Version 10.00
# Visual C++ Express 2008
Project("{8BC9CEB8-8B4A-11D0-8D11-00A0C91BC942}") = "osago", "osago\osago.vcproj", "{B014A477-B2C1-4C37-8578-B0AABF56318F}"
EndProject
Global
	GlobalSection(SolutionConfigurationPlatforms) = preSolution
		Debug|Win32 = Debug|Win32
		Release|Win32 = Release|Win32
	EndGlobalSection
	GlobalSection(ProjectConfigurationPlatforms) = postSolution
		{B014A477-B2C1-4C37-8578-B0AABF56318F}.Debug|Win32.ActiveCfg = Debug|Win32
		{B014A477-B2C1-4C37-8578-B0AABF56318F}.Debug|Win32.Build.0 = Debug|Win32
		{B014A477-B2C1-4C37-8578-B0AABF56318F}.Release|Win32.ActiveCfg = Release|Win32
		{B014A477-B2C1-4C37-8578-B0AABF56318F}.Release|Win32.Build.0 = Release|Win32
	EndGlobalSection
	GlobalSection(SolutionProperties) = preSolution
		HideSolutionNode = FALSE
	EndGlobalSection
EndGlobal
