
Microsoft Visual Studio Solution File, Format Version 10.00
# Visual C++ Express 2008
Project("{8BC9CEB8-8B4A-11D0-8D11-00A0C91BC942}") = "Exam", "Exam\Exam.vcproj", "{EE00ADCD-E3AD-4EF0-8004-6A0520EAA456}"
EndProject
Global
	GlobalSection(SolutionConfigurationPlatforms) = preSolution
		Debug|Win32 = Debug|Win32
		Release|Win32 = Release|Win32
	EndGlobalSection
	GlobalSection(ProjectConfigurationPlatforms) = postSolution
		{EE00ADCD-E3AD-4EF0-8004-6A0520EAA456}.Debug|Win32.ActiveCfg = Debug|Win32
		{EE00ADCD-E3AD-4EF0-8004-6A0520EAA456}.Debug|Win32.Build.0 = Debug|Win32
		{EE00ADCD-E3AD-4EF0-8004-6A0520EAA456}.Release|Win32.ActiveCfg = Release|Win32
		{EE00ADCD-E3AD-4EF0-8004-6A0520EAA456}.Release|Win32.Build.0 = Release|Win32
	EndGlobalSection
	GlobalSection(SolutionProperties) = preSolution
		HideSolutionNode = FALSE
	EndGlobalSection
EndGlobal
