
Microsoft Visual Studio Solution File, Format Version 10.00
# Visual C++ Express 2008
Project("{8BC9CEB8-8B4A-11D0-8D11-00A0C91BC942}") = "ShowPic_2", "ShowPic_2\ShowPic_2.vcproj", "{6AC13262-A31F-4621-96EB-35419D80B82F}"
EndProject
Global
	GlobalSection(SolutionConfigurationPlatforms) = preSolution
		Debug|Win32 = Debug|Win32
		Release|Win32 = Release|Win32
	EndGlobalSection
	GlobalSection(ProjectConfigurationPlatforms) = postSolution
		{6AC13262-A31F-4621-96EB-35419D80B82F}.Debug|Win32.ActiveCfg = Debug|Win32
		{6AC13262-A31F-4621-96EB-35419D80B82F}.Debug|Win32.Build.0 = Debug|Win32
		{6AC13262-A31F-4621-96EB-35419D80B82F}.Release|Win32.ActiveCfg = Release|Win32
		{6AC13262-A31F-4621-96EB-35419D80B82F}.Release|Win32.Build.0 = Release|Win32
	EndGlobalSection
	GlobalSection(SolutionProperties) = preSolution
		HideSolutionNode = FALSE
	EndGlobalSection
EndGlobal
